
Microsoft Visual Studio Solution File, Format Version 12.00
# Visual Studio 14
VisualStudioVersion = 14.0.25420.1
MinimumVisualStudioVersion = 10.0.40219.1
Project("{FAE04EC0-301F-11D3-BF4B-00C04F79EFBC}") = "TransMock.Wcf.Adapter.BTS2010", "Adapter\TransMock.Wcf.Adapter\TransMock.Wcf.Adapter.BTS2010.csproj", "{10B17C1A-69EC-4A58-904F-16037427DC03}"
EndProject
Project("{FAE04EC0-301F-11D3-BF4B-00C04F79EFBC}") = "TransMock.Wcf.Adapter.Tests.BTS2010", "Adapter\TransMock.Wcf.Adapter.Tests\TransMock.Wcf.Adapter.Tests.BTS2010.csproj", "{1DD6AC74-FACD-46CA-A8FB-0E39653A2B2E}"
EndProject
Project("{FAE04EC0-301F-11D3-BF4B-00C04F79EFBC}") = "TransMock.Wcf.Adapter.Utils.BTS2010", "Adapter\TransMock.Wcf.Adapter.Utils\TransMock.Wcf.Adapter.Utils.BTS2010.csproj", "{35F5C7FA-4EE0-4E03-849E-FC7EA463C2EC}"
EndProject
Project("{2150E333-8FDC-42A3-9474-1A3956D46DE8}") = "Solution Items", "Solution Items", "{E8CCED02-CA1A-4408-9A80-BA606A66CE24}"
	ProjectSection(SolutionItems) = preProject
		Local.testsettings = Local.testsettings
		TraceAndTestImpact.testsettings = TraceAndTestImpact.testsettings
		TransMock.vsmdi = TransMock.vsmdi
		VersionInfo.cs = VersionInfo.cs
	EndProjectSection
EndProject
Project("{FAE04EC0-301F-11D3-BF4B-00C04F79EFBC}") = "TransMock.Mockifier.Parser.BTS2010", "Mockifier\TransMock.Mockifier.Parser\TransMock.Mockifier.Parser.BTS2010.csproj", "{96B57E0C-238A-404F-8D79-A5918DF86DDF}"
EndProject
Project("{FAE04EC0-301F-11D3-BF4B-00C04F79EFBC}") = "TransMock.Mockifier.Parser.Tests.BTS2010", "Mockifier\TransMock.Mockifier.Parser.Tests\TransMock.Mockifier.Parser.Tests.BTS2010.csproj", "{36EC756C-C890-45AE-9289-E1068B388B58}"
EndProject
Project("{FAE04EC0-301F-11D3-BF4B-00C04F79EFBC}") = "TransMock.Mockifier.BTS2010", "Mockifier\TransMock.Mockifier\TransMock.Mockifier.BTS2010.csproj", "{C2E611CF-808C-4F25-9619-3247E02BB2F9}"
EndProject
Project("{FAE04EC0-301F-11D3-BF4B-00C04F79EFBC}") = "TransMock.Mockifier.Tests.BTS2010", "Mockifier\TransMock.Mockifier.Tests\TransMock.Mockifier.Tests.BTS2010.csproj", "{5D5CA52C-800C-4F36-9283-0F95D87126ED}"
EndProject
Project("{FAE04EC0-301F-11D3-BF4B-00C04F79EFBC}") = "TransMock.Integration.BizUnit.BTS2010", "Integration\BizUnit\TransMock.Integration.BizUnit\TransMock.Integration.BizUnit.BTS2010.csproj", "{439276D9-0416-42B3-941A-B1D1000595BA}"
EndProject
Project("{FAE04EC0-301F-11D3-BF4B-00C04F79EFBC}") = "TransMock.Integration.BizUnit.Tests.BTS2010", "Integration\BizUnit\TransMock.Integration.BizUnit.Tests\TransMock.Integration.BizUnit.Tests.BTS2010.csproj", "{685BC077-2B9F-416C-83A6-2F449319A25D}"
EndProject
Project("{FAE04EC0-301F-11D3-BF4B-00C04F79EFBC}") = "TransMock.TestUtils.BTS2010", "Test\TransMock.TestUtils\TransMock.TestUtils.BTS2010.csproj", "{DFAD184E-2C98-4E34-AE8D-7BD0EC677F12}"
EndProject
Project("{2150E333-8FDC-42A3-9474-1A3956D46DE8}") = "Adapter", "Adapter", "{189E31A8-1E3E-4C46-808F-C85B47A37FC7}"
EndProject
Project("{2150E333-8FDC-42A3-9474-1A3956D46DE8}") = "Mockifier", "Mockifier", "{A6A813B0-F8A3-4FC5-830E-41175009BC7F}"
EndProject
Project("{2150E333-8FDC-42A3-9474-1A3956D46DE8}") = "Integration", "Integration", "{E83982C3-5D5E-4051-94CF-E1EC859249C3}"
EndProject
Project("{2150E333-8FDC-42A3-9474-1A3956D46DE8}") = "BizUnit", "BizUnit", "{4A34094C-2365-4F5C-8854-41EF7023BDC1}"
EndProject
Project("{2150E333-8FDC-42A3-9474-1A3956D46DE8}") = "Test", "Test", "{FBD50BDD-DD90-4C0C-8D96-DAAFD2493734}"
EndProject
Project("{2150E333-8FDC-42A3-9474-1A3956D46DE8}") = "BTDF", "BTDF", "{2E880E69-F61D-488A-BD6B-7A44D5103FB3}"
	ProjectSection(SolutionItems) = preProject
		Integration\BTDF\TransMock.targets = Integration\BTDF\TransMock.targets
	EndProjectSection
EndProject
Project("{FAE04EC0-301F-11D3-BF4B-00C04F79EFBC}") = "TransMock.TestUtils.BizTalk.BTS2010", "Test\TransMock.TestUtils.BizTalk\TransMock.TestUtils.BizTalk.BTS2010.csproj", "{2C5E174A-8087-41B1-805C-7D7830EC478A}"
EndProject
Project("{FAE04EC0-301F-11D3-BF4B-00C04F79EFBC}") = "TransMock.TestUtils.BizTalk.Tests.BTS2010", "Test\TransMock.TestUtils.BizTalk.Tests\TransMock.TestUtils.BizTalk.Tests.BTS2010.csproj", "{B06CE9EC-C799-47B1-AFCD-F10681F53B61}"
EndProject
Project("{2150E333-8FDC-42A3-9474-1A3956D46DE8}") = "Communication", "Communication", "{EA4712A2-2C96-4A99-815F-44513B98E24A}"
EndProject
Project("{FAE04EC0-301F-11D3-BF4B-00C04F79EFBC}") = "TransMock.Communication.NamedPipes.BTS2010", "Communication\TransMock.Communication.NamedPipe\TransMock.Communication.NamedPipes.BTS2010.csproj", "{CF45DA9F-F4B9-46B7-AD11-FA36AF2BF399}"
EndProject
Project("{FAE04EC0-301F-11D3-BF4B-00C04F79EFBC}") = "TransMock.Communication.NamedPipes.Tests.BTS2010", "Communication\TransMock.Communication.NamedPipes.Tests\TransMock.Communication.NamedPipes.Tests.BTS2010.csproj", "{47C0AB15-28EC-44A5-98AE-11342818567D}"
EndProject
Project("{2150E333-8FDC-42A3-9474-1A3956D46DE8}") = "Framework", "Framework", "{E9D283C9-E523-4BB9-B289-DFC43568B6E5}"
EndProject
Project("{FAE04EC0-301F-11D3-BF4B-00C04F79EFBC}") = "TransMock.BTS2010", "Framework\TransMock\TransMock.BTS2010.csproj", "{5C00DF71-E9B7-4A2B-8BF3-FE7E0CC7A7AC}"
EndProject
Project("{FAE04EC0-301F-11D3-BF4B-00C04F79EFBC}") = "TransMock.Tests.BTS2010", "Framework\TransMock.Tests\TransMock.Tests.BTS2010.csproj", "{E4235F89-DED8-44AF-9124-0917D65ADBE5}"
EndProject
Global
	GlobalSection(SolutionConfigurationPlatforms) = preSolution
		Debug|Any CPU = Debug|Any CPU
		Debug|Mixed Platforms = Debug|Mixed Platforms
		Debug|x86 = Debug|x86
		Release|Any CPU = Release|Any CPU
		Release|Mixed Platforms = Release|Mixed Platforms
		Release|x86 = Release|x86
	EndGlobalSection
	GlobalSection(ProjectConfigurationPlatforms) = postSolution
		{10B17C1A-69EC-4A58-904F-16037427DC03}.Debug|Any CPU.ActiveCfg = Debug|Any CPU
		{10B17C1A-69EC-4A58-904F-16037427DC03}.Debug|Any CPU.Build.0 = Debug|Any CPU
		{10B17C1A-69EC-4A58-904F-16037427DC03}.Debug|Mixed Platforms.ActiveCfg = Debug|Any CPU
		{10B17C1A-69EC-4A58-904F-16037427DC03}.Debug|Mixed Platforms.Build.0 = Debug|Any CPU
		{10B17C1A-69EC-4A58-904F-16037427DC03}.Debug|x86.ActiveCfg = Debug|Any CPU
		{10B17C1A-69EC-4A58-904F-16037427DC03}.Release|Any CPU.ActiveCfg = Release|Any CPU
		{10B17C1A-69EC-4A58-904F-16037427DC03}.Release|Any CPU.Build.0 = Release|Any CPU
		{10B17C1A-69EC-4A58-904F-16037427DC03}.Release|Mixed Platforms.ActiveCfg = Release|Any CPU
		{10B17C1A-69EC-4A58-904F-16037427DC03}.Release|Mixed Platforms.Build.0 = Release|Any CPU
		{10B17C1A-69EC-4A58-904F-16037427DC03}.Release|x86.ActiveCfg = Release|Any CPU
		{1DD6AC74-FACD-46CA-A8FB-0E39653A2B2E}.Debug|Any CPU.ActiveCfg = Debug|Any CPU
		{1DD6AC74-FACD-46CA-A8FB-0E39653A2B2E}.Debug|Any CPU.Build.0 = Debug|Any CPU
		{1DD6AC74-FACD-46CA-A8FB-0E39653A2B2E}.Debug|Mixed Platforms.ActiveCfg = Debug|Any CPU
		{1DD6AC74-FACD-46CA-A8FB-0E39653A2B2E}.Debug|Mixed Platforms.Build.0 = Debug|Any CPU
		{1DD6AC74-FACD-46CA-A8FB-0E39653A2B2E}.Debug|x86.ActiveCfg = Debug|Any CPU
		{1DD6AC74-FACD-46CA-A8FB-0E39653A2B2E}.Release|Any CPU.ActiveCfg = Release|Any CPU
		{1DD6AC74-FACD-46CA-A8FB-0E39653A2B2E}.Release|Any CPU.Build.0 = Release|Any CPU
		{1DD6AC74-FACD-46CA-A8FB-0E39653A2B2E}.Release|Mixed Platforms.ActiveCfg = Release|Any CPU
		{1DD6AC74-FACD-46CA-A8FB-0E39653A2B2E}.Release|Mixed Platforms.Build.0 = Release|Any CPU
		{1DD6AC74-FACD-46CA-A8FB-0E39653A2B2E}.Release|x86.ActiveCfg = Release|Any CPU
		{35F5C7FA-4EE0-4E03-849E-FC7EA463C2EC}.Debug|Any CPU.ActiveCfg = Debug|Any CPU
		{35F5C7FA-4EE0-4E03-849E-FC7EA463C2EC}.Debug|Any CPU.Build.0 = Debug|Any CPU
		{35F5C7FA-4EE0-4E03-849E-FC7EA463C2EC}.Debug|Mixed Platforms.ActiveCfg = Debug|Any CPU
		{35F5C7FA-4EE0-4E03-849E-FC7EA463C2EC}.Debug|Mixed Platforms.Build.0 = Debug|Any CPU
		{35F5C7FA-4EE0-4E03-849E-FC7EA463C2EC}.Debug|x86.ActiveCfg = Debug|Any CPU
		{35F5C7FA-4EE0-4E03-849E-FC7EA463C2EC}.Debug|x86.Build.0 = Debug|Any CPU
		{35F5C7FA-4EE0-4E03-849E-FC7EA463C2EC}.Release|Any CPU.ActiveCfg = Release|Any CPU
		{35F5C7FA-4EE0-4E03-849E-FC7EA463C2EC}.Release|Any CPU.Build.0 = Release|Any CPU
		{35F5C7FA-4EE0-4E03-849E-FC7EA463C2EC}.Release|Mixed Platforms.ActiveCfg = Release|Any CPU
		{35F5C7FA-4EE0-4E03-849E-FC7EA463C2EC}.Release|Mixed Platforms.Build.0 = Release|Any CPU
		{35F5C7FA-4EE0-4E03-849E-FC7EA463C2EC}.Release|x86.ActiveCfg = Release|Any CPU
		{35F5C7FA-4EE0-4E03-849E-FC7EA463C2EC}.Release|x86.Build.0 = Release|Any CPU
		{96B57E0C-238A-404F-8D79-A5918DF86DDF}.Debug|Any CPU.ActiveCfg = Debug|Any CPU
		{96B57E0C-238A-404F-8D79-A5918DF86DDF}.Debug|Any CPU.Build.0 = Debug|Any CPU
		{96B57E0C-238A-404F-8D79-A5918DF86DDF}.Debug|Mixed Platforms.ActiveCfg = Debug|Any CPU
		{96B57E0C-238A-404F-8D79-A5918DF86DDF}.Debug|Mixed Platforms.Build.0 = Debug|Any CPU
		{96B57E0C-238A-404F-8D79-A5918DF86DDF}.Debug|x86.ActiveCfg = Debug|Any CPU
		{96B57E0C-238A-404F-8D79-A5918DF86DDF}.Release|Any CPU.ActiveCfg = Release|Any CPU
		{96B57E0C-238A-404F-8D79-A5918DF86DDF}.Release|Any CPU.Build.0 = Release|Any CPU
		{96B57E0C-238A-404F-8D79-A5918DF86DDF}.Release|Mixed Platforms.ActiveCfg = Release|Any CPU
		{96B57E0C-238A-404F-8D79-A5918DF86DDF}.Release|Mixed Platforms.Build.0 = Release|Any CPU
		{96B57E0C-238A-404F-8D79-A5918DF86DDF}.Release|x86.ActiveCfg = Release|Any CPU
		{36EC756C-C890-45AE-9289-E1068B388B58}.Debug|Any CPU.ActiveCfg = Debug|Any CPU
		{36EC756C-C890-45AE-9289-E1068B388B58}.Debug|Any CPU.Build.0 = Debug|Any CPU
		{36EC756C-C890-45AE-9289-E1068B388B58}.Debug|Mixed Platforms.ActiveCfg = Debug|Any CPU
		{36EC756C-C890-45AE-9289-E1068B388B58}.Debug|Mixed Platforms.Build.0 = Debug|Any CPU
		{36EC756C-C890-45AE-9289-E1068B388B58}.Debug|x86.ActiveCfg = Debug|Any CPU
		{36EC756C-C890-45AE-9289-E1068B388B58}.Release|Any CPU.ActiveCfg = Release|Any CPU
		{36EC756C-C890-45AE-9289-E1068B388B58}.Release|Any CPU.Build.0 = Release|Any CPU
		{36EC756C-C890-45AE-9289-E1068B388B58}.Release|Mixed Platforms.ActiveCfg = Release|Any CPU
		{36EC756C-C890-45AE-9289-E1068B388B58}.Release|Mixed Platforms.Build.0 = Release|Any CPU
		{36EC756C-C890-45AE-9289-E1068B388B58}.Release|x86.ActiveCfg = Release|Any CPU
		{C2E611CF-808C-4F25-9619-3247E02BB2F9}.Debug|Any CPU.ActiveCfg = Debug|x86
		{C2E611CF-808C-4F25-9619-3247E02BB2F9}.Debug|Mixed Platforms.ActiveCfg = Debug|x86
		{C2E611CF-808C-4F25-9619-3247E02BB2F9}.Debug|Mixed Platforms.Build.0 = Debug|x86
		{C2E611CF-808C-4F25-9619-3247E02BB2F9}.Debug|x86.ActiveCfg = Debug|x86
		{C2E611CF-808C-4F25-9619-3247E02BB2F9}.Debug|x86.Build.0 = Debug|x86
		{C2E611CF-808C-4F25-9619-3247E02BB2F9}.Release|Any CPU.ActiveCfg = Release|x86
		{C2E611CF-808C-4F25-9619-3247E02BB2F9}.Release|Mixed Platforms.ActiveCfg = Release|x86
		{C2E611CF-808C-4F25-9619-3247E02BB2F9}.Release|Mixed Platforms.Build.0 = Release|x86
		{C2E611CF-808C-4F25-9619-3247E02BB2F9}.Release|x86.ActiveCfg = Release|x86
		{C2E611CF-808C-4F25-9619-3247E02BB2F9}.Release|x86.Build.0 = Release|x86
		{5D5CA52C-800C-4F36-9283-0F95D87126ED}.Debug|Any CPU.ActiveCfg = Debug|Any CPU
		{5D5CA52C-800C-4F36-9283-0F95D87126ED}.Debug|Any CPU.Build.0 = Debug|Any CPU
		{5D5CA52C-800C-4F36-9283-0F95D87126ED}.Debug|Mixed Platforms.ActiveCfg = Debug|Any CPU
		{5D5CA52C-800C-4F36-9283-0F95D87126ED}.Debug|Mixed Platforms.Build.0 = Debug|Any CPU
		{5D5CA52C-800C-4F36-9283-0F95D87126ED}.Debug|x86.ActiveCfg = Debug|Any CPU
		{5D5CA52C-800C-4F36-9283-0F95D87126ED}.Release|Any CPU.ActiveCfg = Release|Any CPU
		{5D5CA52C-800C-4F36-9283-0F95D87126ED}.Release|Any CPU.Build.0 = Release|Any CPU
		{5D5CA52C-800C-4F36-9283-0F95D87126ED}.Release|Mixed Platforms.ActiveCfg = Release|Any CPU
		{5D5CA52C-800C-4F36-9283-0F95D87126ED}.Release|Mixed Platforms.Build.0 = Release|Any CPU
		{5D5CA52C-800C-4F36-9283-0F95D87126ED}.Release|x86.ActiveCfg = Release|Any CPU
		{439276D9-0416-42B3-941A-B1D1000595BA}.Debug|Any CPU.ActiveCfg = Debug|Any CPU
		{439276D9-0416-42B3-941A-B1D1000595BA}.Debug|Any CPU.Build.0 = Debug|Any CPU
		{439276D9-0416-42B3-941A-B1D1000595BA}.Debug|Mixed Platforms.ActiveCfg = Debug|Any CPU
		{439276D9-0416-42B3-941A-B1D1000595BA}.Debug|Mixed Platforms.Build.0 = Debug|Any CPU
		{439276D9-0416-42B3-941A-B1D1000595BA}.Debug|x86.ActiveCfg = Debug|Any CPU
		{439276D9-0416-42B3-941A-B1D1000595BA}.Release|Any CPU.ActiveCfg = Release|Any CPU
		{439276D9-0416-42B3-941A-B1D1000595BA}.Release|Any CPU.Build.0 = Release|Any CPU
		{439276D9-0416-42B3-941A-B1D1000595BA}.Release|Mixed Platforms.ActiveCfg = Release|Any CPU
		{439276D9-0416-42B3-941A-B1D1000595BA}.Release|Mixed Platforms.Build.0 = Release|Any CPU
		{439276D9-0416-42B3-941A-B1D1000595BA}.Release|x86.ActiveCfg = Release|Any CPU
		{685BC077-2B9F-416C-83A6-2F449319A25D}.Debug|Any CPU.ActiveCfg = Debug|Any CPU
		{685BC077-2B9F-416C-83A6-2F449319A25D}.Debug|Any CPU.Build.0 = Debug|Any CPU
		{685BC077-2B9F-416C-83A6-2F449319A25D}.Debug|Mixed Platforms.ActiveCfg = Debug|Any CPU
		{685BC077-2B9F-416C-83A6-2F449319A25D}.Debug|Mixed Platforms.Build.0 = Debug|Any CPU
		{685BC077-2B9F-416C-83A6-2F449319A25D}.Debug|x86.ActiveCfg = Debug|Any CPU
		{685BC077-2B9F-416C-83A6-2F449319A25D}.Release|Any CPU.ActiveCfg = Release|Any CPU
		{685BC077-2B9F-416C-83A6-2F449319A25D}.Release|Any CPU.Build.0 = Release|Any CPU
		{685BC077-2B9F-416C-83A6-2F449319A25D}.Release|Mixed Platforms.ActiveCfg = Release|Any CPU
		{685BC077-2B9F-416C-83A6-2F449319A25D}.Release|Mixed Platforms.Build.0 = Release|Any CPU
		{685BC077-2B9F-416C-83A6-2F449319A25D}.Release|x86.ActiveCfg = Release|Any CPU
		{DFAD184E-2C98-4E34-AE8D-7BD0EC677F12}.Debug|Any CPU.ActiveCfg = Debug|Any CPU
		{DFAD184E-2C98-4E34-AE8D-7BD0EC677F12}.Debug|Any CPU.Build.0 = Debug|Any CPU
		{DFAD184E-2C98-4E34-AE8D-7BD0EC677F12}.Debug|Mixed Platforms.ActiveCfg = Debug|Any CPU
		{DFAD184E-2C98-4E34-AE8D-7BD0EC677F12}.Debug|Mixed Platforms.Build.0 = Debug|Any CPU
		{DFAD184E-2C98-4E34-AE8D-7BD0EC677F12}.Debug|x86.ActiveCfg = Debug|Any CPU
		{DFAD184E-2C98-4E34-AE8D-7BD0EC677F12}.Release|Any CPU.ActiveCfg = Release|Any CPU
		{DFAD184E-2C98-4E34-AE8D-7BD0EC677F12}.Release|Any CPU.Build.0 = Release|Any CPU
		{DFAD184E-2C98-4E34-AE8D-7BD0EC677F12}.Release|Mixed Platforms.ActiveCfg = Release|Any CPU
		{DFAD184E-2C98-4E34-AE8D-7BD0EC677F12}.Release|Mixed Platforms.Build.0 = Release|Any CPU
		{DFAD184E-2C98-4E34-AE8D-7BD0EC677F12}.Release|x86.ActiveCfg = Release|Any CPU
		{2C5E174A-8087-41B1-805C-7D7830EC478A}.Debug|Any CPU.ActiveCfg = Debug|Any CPU
		{2C5E174A-8087-41B1-805C-7D7830EC478A}.Debug|Any CPU.Build.0 = Debug|Any CPU
		{2C5E174A-8087-41B1-805C-7D7830EC478A}.Debug|Mixed Platforms.ActiveCfg = Debug|Any CPU
		{2C5E174A-8087-41B1-805C-7D7830EC478A}.Debug|Mixed Platforms.Build.0 = Debug|Any CPU
		{2C5E174A-8087-41B1-805C-7D7830EC478A}.Debug|x86.ActiveCfg = Debug|Any CPU
		{2C5E174A-8087-41B1-805C-7D7830EC478A}.Release|Any CPU.ActiveCfg = Release|Any CPU
		{2C5E174A-8087-41B1-805C-7D7830EC478A}.Release|Any CPU.Build.0 = Release|Any CPU
		{2C5E174A-8087-41B1-805C-7D7830EC478A}.Release|Mixed Platforms.ActiveCfg = Release|Any CPU
		{2C5E174A-8087-41B1-805C-7D7830EC478A}.Release|Mixed Platforms.Build.0 = Release|Any CPU
		{2C5E174A-8087-41B1-805C-7D7830EC478A}.Release|x86.ActiveCfg = Release|Any CPU
		{B06CE9EC-C799-47B1-AFCD-F10681F53B61}.Debug|Any CPU.ActiveCfg = Debug|Any CPU
		{B06CE9EC-C799-47B1-AFCD-F10681F53B61}.Debug|Any CPU.Build.0 = Debug|Any CPU
		{B06CE9EC-C799-47B1-AFCD-F10681F53B61}.Debug|Mixed Platforms.ActiveCfg = Debug|Any CPU
		{B06CE9EC-C799-47B1-AFCD-F10681F53B61}.Debug|Mixed Platforms.Build.0 = Debug|Any CPU
		{B06CE9EC-C799-47B1-AFCD-F10681F53B61}.Debug|x86.ActiveCfg = Debug|Any CPU
		{B06CE9EC-C799-47B1-AFCD-F10681F53B61}.Release|Any CPU.ActiveCfg = Release|Any CPU
		{B06CE9EC-C799-47B1-AFCD-F10681F53B61}.Release|Any CPU.Build.0 = Release|Any CPU
		{B06CE9EC-C799-47B1-AFCD-F10681F53B61}.Release|Mixed Platforms.ActiveCfg = Release|Any CPU
		{B06CE9EC-C799-47B1-AFCD-F10681F53B61}.Release|Mixed Platforms.Build.0 = Release|Any CPU
		{B06CE9EC-C799-47B1-AFCD-F10681F53B61}.Release|x86.ActiveCfg = Release|Any CPU
		{CF45DA9F-F4B9-46B7-AD11-FA36AF2BF399}.Debug|Any CPU.ActiveCfg = Debug|Any CPU
		{CF45DA9F-F4B9-46B7-AD11-FA36AF2BF399}.Debug|Any CPU.Build.0 = Debug|Any CPU
		{CF45DA9F-F4B9-46B7-AD11-FA36AF2BF399}.Debug|Mixed Platforms.ActiveCfg = Debug|Any CPU
		{CF45DA9F-F4B9-46B7-AD11-FA36AF2BF399}.Debug|Mixed Platforms.Build.0 = Debug|Any CPU
		{CF45DA9F-F4B9-46B7-AD11-FA36AF2BF399}.Debug|x86.ActiveCfg = Debug|Any CPU
		{CF45DA9F-F4B9-46B7-AD11-FA36AF2BF399}.Release|Any CPU.ActiveCfg = Release|Any CPU
		{CF45DA9F-F4B9-46B7-AD11-FA36AF2BF399}.Release|Any CPU.Build.0 = Release|Any CPU
		{CF45DA9F-F4B9-46B7-AD11-FA36AF2BF399}.Release|Mixed Platforms.ActiveCfg = Release|Any CPU
		{CF45DA9F-F4B9-46B7-AD11-FA36AF2BF399}.Release|Mixed Platforms.Build.0 = Release|Any CPU
		{CF45DA9F-F4B9-46B7-AD11-FA36AF2BF399}.Release|x86.ActiveCfg = Release|Any CPU
		{47C0AB15-28EC-44A5-98AE-11342818567D}.Debug|Any CPU.ActiveCfg = Debug|Any CPU
		{47C0AB15-28EC-44A5-98AE-11342818567D}.Debug|Any CPU.Build.0 = Debug|Any CPU
		{47C0AB15-28EC-44A5-98AE-11342818567D}.Debug|Mixed Platforms.ActiveCfg = Debug|Any CPU
		{47C0AB15-28EC-44A5-98AE-11342818567D}.Debug|Mixed Platforms.Build.0 = Debug|Any CPU
		{47C0AB15-28EC-44A5-98AE-11342818567D}.Debug|x86.ActiveCfg = Debug|Any CPU
		{47C0AB15-28EC-44A5-98AE-11342818567D}.Release|Any CPU.ActiveCfg = Release|Any CPU
		{47C0AB15-28EC-44A5-98AE-11342818567D}.Release|Any CPU.Build.0 = Release|Any CPU
		{47C0AB15-28EC-44A5-98AE-11342818567D}.Release|Mixed Platforms.ActiveCfg = Release|Any CPU
		{47C0AB15-28EC-44A5-98AE-11342818567D}.Release|Mixed Platforms.Build.0 = Release|Any CPU
		{47C0AB15-28EC-44A5-98AE-11342818567D}.Release|x86.ActiveCfg = Release|Any CPU
		{5C00DF71-E9B7-4A2B-8BF3-FE7E0CC7A7AC}.Debug|Any CPU.ActiveCfg = Debug|Any CPU
		{5C00DF71-E9B7-4A2B-8BF3-FE7E0CC7A7AC}.Debug|Any CPU.Build.0 = Debug|Any CPU
		{5C00DF71-E9B7-4A2B-8BF3-FE7E0CC7A7AC}.Debug|Mixed Platforms.ActiveCfg = Debug|Any CPU
		{5C00DF71-E9B7-4A2B-8BF3-FE7E0CC7A7AC}.Debug|Mixed Platforms.Build.0 = Debug|Any CPU
		{5C00DF71-E9B7-4A2B-8BF3-FE7E0CC7A7AC}.Debug|x86.ActiveCfg = Debug|Any CPU
		{5C00DF71-E9B7-4A2B-8BF3-FE7E0CC7A7AC}.Debug|x86.Build.0 = Debug|Any CPU
		{5C00DF71-E9B7-4A2B-8BF3-FE7E0CC7A7AC}.Release|Any CPU.ActiveCfg = Release|Any CPU
		{5C00DF71-E9B7-4A2B-8BF3-FE7E0CC7A7AC}.Release|Any CPU.Build.0 = Release|Any CPU
		{5C00DF71-E9B7-4A2B-8BF3-FE7E0CC7A7AC}.Release|Mixed Platforms.ActiveCfg = Release|Any CPU
		{5C00DF71-E9B7-4A2B-8BF3-FE7E0CC7A7AC}.Release|Mixed Platforms.Build.0 = Release|Any CPU
		{5C00DF71-E9B7-4A2B-8BF3-FE7E0CC7A7AC}.Release|x86.ActiveCfg = Release|Any CPU
		{5C00DF71-E9B7-4A2B-8BF3-FE7E0CC7A7AC}.Release|x86.Build.0 = Release|Any CPU
		{E4235F89-DED8-44AF-9124-0917D65ADBE5}.Debug|Any CPU.ActiveCfg = Debug|Any CPU
		{E4235F89-DED8-44AF-9124-0917D65ADBE5}.Debug|Any CPU.Build.0 = Debug|Any CPU
		{E4235F89-DED8-44AF-9124-0917D65ADBE5}.Debug|Mixed Platforms.ActiveCfg = Debug|Any CPU
		{E4235F89-DED8-44AF-9124-0917D65ADBE5}.Debug|Mixed Platforms.Build.0 = Debug|Any CPU
		{E4235F89-DED8-44AF-9124-0917D65ADBE5}.Debug|x86.ActiveCfg = Debug|Any CPU
		{E4235F89-DED8-44AF-9124-0917D65ADBE5}.Debug|x86.Build.0 = Debug|Any CPU
		{E4235F89-DED8-44AF-9124-0917D65ADBE5}.Release|Any CPU.ActiveCfg = Release|Any CPU
		{E4235F89-DED8-44AF-9124-0917D65ADBE5}.Release|Any CPU.Build.0 = Release|Any CPU
		{E4235F89-DED8-44AF-9124-0917D65ADBE5}.Release|Mixed Platforms.ActiveCfg = Release|Any CPU
		{E4235F89-DED8-44AF-9124-0917D65ADBE5}.Release|Mixed Platforms.Build.0 = Release|Any CPU
		{E4235F89-DED8-44AF-9124-0917D65ADBE5}.Release|x86.ActiveCfg = Release|Any CPU
		{E4235F89-DED8-44AF-9124-0917D65ADBE5}.Release|x86.Build.0 = Release|Any CPU
	EndGlobalSection
	GlobalSection(SolutionProperties) = preSolution
		HideSolutionNode = FALSE
	EndGlobalSection
	GlobalSection(NestedProjects) = preSolution
		{10B17C1A-69EC-4A58-904F-16037427DC03} = {189E31A8-1E3E-4C46-808F-C85B47A37FC7}
		{1DD6AC74-FACD-46CA-A8FB-0E39653A2B2E} = {189E31A8-1E3E-4C46-808F-C85B47A37FC7}
		{35F5C7FA-4EE0-4E03-849E-FC7EA463C2EC} = {189E31A8-1E3E-4C46-808F-C85B47A37FC7}
		{96B57E0C-238A-404F-8D79-A5918DF86DDF} = {A6A813B0-F8A3-4FC5-830E-41175009BC7F}
		{36EC756C-C890-45AE-9289-E1068B388B58} = {A6A813B0-F8A3-4FC5-830E-41175009BC7F}
		{C2E611CF-808C-4F25-9619-3247E02BB2F9} = {A6A813B0-F8A3-4FC5-830E-41175009BC7F}
		{5D5CA52C-800C-4F36-9283-0F95D87126ED} = {A6A813B0-F8A3-4FC5-830E-41175009BC7F}
		{439276D9-0416-42B3-941A-B1D1000595BA} = {4A34094C-2365-4F5C-8854-41EF7023BDC1}
		{685BC077-2B9F-416C-83A6-2F449319A25D} = {4A34094C-2365-4F5C-8854-41EF7023BDC1}
		{DFAD184E-2C98-4E34-AE8D-7BD0EC677F12} = {FBD50BDD-DD90-4C0C-8D96-DAAFD2493734}
		{4A34094C-2365-4F5C-8854-41EF7023BDC1} = {E83982C3-5D5E-4051-94CF-E1EC859249C3}
		{2E880E69-F61D-488A-BD6B-7A44D5103FB3} = {E83982C3-5D5E-4051-94CF-E1EC859249C3}
		{2C5E174A-8087-41B1-805C-7D7830EC478A} = {FBD50BDD-DD90-4C0C-8D96-DAAFD2493734}
		{B06CE9EC-C799-47B1-AFCD-F10681F53B61} = {FBD50BDD-DD90-4C0C-8D96-DAAFD2493734}
		{CF45DA9F-F4B9-46B7-AD11-FA36AF2BF399} = {EA4712A2-2C96-4A99-815F-44513B98E24A}
		{47C0AB15-28EC-44A5-98AE-11342818567D} = {EA4712A2-2C96-4A99-815F-44513B98E24A}
		{5C00DF71-E9B7-4A2B-8BF3-FE7E0CC7A7AC} = {E9D283C9-E523-4BB9-B289-DFC43568B6E5}
		{E4235F89-DED8-44AF-9124-0917D65ADBE5} = {E9D283C9-E523-4BB9-B289-DFC43568B6E5}
	EndGlobalSection
	GlobalSection(TestCaseManagementSettings) = postSolution
		CategoryFile = TransMock.vsmdi
	EndGlobalSection
EndGlobal
