
Microsoft Visual Studio Solution File, Format Version 12.00
# Visual Studio 14
VisualStudioVersion = 14.0.25420.1
MinimumVisualStudioVersion = 10.0.40219.1
Project("{FAE04EC0-301F-11D3-BF4B-00C04F79EFBC}") = "TransMock.Wcf.Adapter.BTS2013", "Adapter\TransMock.Wcf.Adapter\TransMock.Wcf.Adapter.BTS2013.csproj", "{C47460D1-131E-4467-B8CC-02056D3D2652}"
EndProject
Project("{FAE04EC0-301F-11D3-BF4B-00C04F79EFBC}") = "TransMock.Wcf.Adapter.Tests.BTS2013", "Adapter\TransMock.Wcf.Adapter.Tests\TransMock.Wcf.Adapter.Tests.BTS2013.csproj", "{3A5DA031-BA2D-49A3-A202-06D328D514EA}"
EndProject
Project("{FAE04EC0-301F-11D3-BF4B-00C04F79EFBC}") = "TransMock.Wcf.Adapter.Utils.BTS2013", "Adapter\TransMock.Wcf.Adapter.Utils\TransMock.Wcf.Adapter.Utils.BTS2013.csproj", "{35F5C7FA-4EE0-4E03-849E-FC7EA463C2EC}"
EndProject
Project("{2150E333-8FDC-42A3-9474-1A3956D46DE8}") = "Solution Items", "Solution Items", "{E8CCED02-CA1A-4408-9A80-BA606A66CE24}"
	ProjectSection(SolutionItems) = preProject
		BuildTransMock_Debug.bat = BuildTransMock_Debug.bat
		BuildTransMock_Release.bat = BuildTransMock_Release.bat
		Local.testsettings = Local.testsettings
		TraceAndTestImpact.testsettings = TraceAndTestImpact.testsettings
		TransMock.vsmdi = TransMock.vsmdi
		VersionInfo.cs = VersionInfo.cs
	EndProjectSection
EndProject
Project("{FAE04EC0-301F-11D3-BF4B-00C04F79EFBC}") = "TransMock.Mockifier.Parser.BTS2013", "Mockifier\TransMock.Mockifier.Parser\TransMock.Mockifier.Parser.BTS2013.csproj", "{6F2F3785-13DC-4408-9E1B-340D819DCE7E}"
EndProject
Project("{FAE04EC0-301F-11D3-BF4B-00C04F79EFBC}") = "TransMock.Mockifier.Parser.Tests.BTS2013", "Mockifier\TransMock.Mockifier.Parser.Tests\TransMock.Mockifier.Parser.Tests.BTS2013.csproj", "{01FDAE95-808E-4AD8-91D8-2AE26CE18A33}"
EndProject
Project("{FAE04EC0-301F-11D3-BF4B-00C04F79EFBC}") = "TransMock.Mockifier.BTS2013", "Mockifier\TransMock.Mockifier\TransMock.Mockifier.BTS2013.csproj", "{9ED02851-5CB5-4F63-929C-5C535C6C0EF0}"
EndProject
Project("{FAE04EC0-301F-11D3-BF4B-00C04F79EFBC}") = "TransMock.Mockifier.Tests.BTS2013", "Mockifier\TransMock.Mockifier.Tests\TransMock.Mockifier.Tests.BTS2013.csproj", "{6CDC0922-3396-443F-AEBD-3FA60C5F67A8}"
EndProject
Project("{FAE04EC0-301F-11D3-BF4B-00C04F79EFBC}") = "TransMock.Integration.BizUnit.BTS2013", "Integration\BizUnit\TransMock.Integration.BizUnit\TransMock.Integration.BizUnit.BTS2013.csproj", "{A0BBAE30-DDF5-4852-AD81-03F8F30BA97A}"
EndProject
Project("{FAE04EC0-301F-11D3-BF4B-00C04F79EFBC}") = "TransMock.Integration.BizUnit.Tests.BTS2013", "Integration\BizUnit\TransMock.Integration.BizUnit.Tests\TransMock.Integration.BizUnit.Tests.BTS2013.csproj", "{4C40089D-2E96-4A2B-9EB2-02D2B5D2441F}"
EndProject
Project("{FAE04EC0-301F-11D3-BF4B-00C04F79EFBC}") = "TransMock.TestUtils.BTS2013", "Test\TransMock.TestUtils\TransMock.TestUtils.BTS2013.csproj", "{E7C8D3F9-BB10-4D00-B368-3EC826C5A80D}"
EndProject
Project("{2150E333-8FDC-42A3-9474-1A3956D46DE8}") = "Adapter", "Adapter", "{189E31A8-1E3E-4C46-808F-C85B47A37FC7}"
EndProject
Project("{2150E333-8FDC-42A3-9474-1A3956D46DE8}") = "Mockifier", "Mockifier", "{A6A813B0-F8A3-4FC5-830E-41175009BC7F}"
EndProject
Project("{2150E333-8FDC-42A3-9474-1A3956D46DE8}") = "Integration", "Integration", "{E83982C3-5D5E-4051-94CF-E1EC859249C3}"
EndProject
Project("{2150E333-8FDC-42A3-9474-1A3956D46DE8}") = "BizUnit", "BizUnit", "{4A34094C-2365-4F5C-8854-41EF7023BDC1}"
EndProject
Project("{2150E333-8FDC-42A3-9474-1A3956D46DE8}") = "Test", "Test", "{FBD50BDD-DD90-4C0C-8D96-DAAFD2493734}"
EndProject
Project("{2150E333-8FDC-42A3-9474-1A3956D46DE8}") = "BTDF", "BTDF", "{2E880E69-F61D-488A-BD6B-7A44D5103FB3}"
	ProjectSection(SolutionItems) = preProject
		Integration\BTDF\TransMock.targets = Integration\BTDF\TransMock.targets
	EndProjectSection
EndProject
Project("{FAE04EC0-301F-11D3-BF4B-00C04F79EFBC}") = "TransMock.TestUtils.BizTalk.BTS2013", "Test\TransMock.TestUtils.BizTalk\TransMock.TestUtils.BizTalk.BTS2013.csproj", "{3878213A-0012-4DE4-A04A-095F074F6564}"
EndProject
Project("{FAE04EC0-301F-11D3-BF4B-00C04F79EFBC}") = "TransMock.TestUtils.BizTalk.Tests.BTS2013", "Test\TransMock.TestUtils.BizTalk.Tests\TransMock.TestUtils.BizTalk.Tests.BTS2013.csproj", "{6B92D5D4-19F4-4A16-B1B1-2413393EDD94}"
EndProject
Project("{2150E333-8FDC-42A3-9474-1A3956D46DE8}") = "Communication", "Communication", "{2F7BCBD9-D532-40A7-9428-6F1F2B8DFFCE}"
EndProject
Project("{FAE04EC0-301F-11D3-BF4B-00C04F79EFBC}") = "TransMock.Communication.NamedPipes.BTS2013", "Communication\TransMock.Communication.NamedPipe\TransMock.Communication.NamedPipes.BTS2013.csproj", "{CB560249-9A5B-42A0-9DB6-8E9165194C6C}"
EndProject
Project("{FAE04EC0-301F-11D3-BF4B-00C04F79EFBC}") = "TransMock.Communication.NamedPipes.Tests.BTS2013", "Communication\TransMock.Communication.NamedPipes.Tests\TransMock.Communication.NamedPipes.Tests.BTS2013.csproj", "{DAEFE276-BFF4-45F6-AA22-413528E44998}"
EndProject
Project("{2150E333-8FDC-42A3-9474-1A3956D46DE8}") = "Framework", "Framework", "{F9261BE5-AAB7-4D44-B0A3-5974FD1EF812}"
EndProject
Project("{FAE04EC0-301F-11D3-BF4B-00C04F79EFBC}") = "TransMock.BTS2013", "Framework\TransMock\TransMock.BTS2013.csproj", "{5C00DF71-E9B7-4A2B-8BF3-FE7E0CC7A7AC}"
EndProject
Project("{FAE04EC0-301F-11D3-BF4B-00C04F79EFBC}") = "TransMock.Tests.BTS2013", "Framework\TransMock.Tests\TransMock.Tests.BTS2013.csproj", "{E4235F89-DED8-44AF-9124-0917D65ADBE5}"
EndProject
Global
	GlobalSection(SolutionConfigurationPlatforms) = preSolution
		Debug|Any CPU = Debug|Any CPU
		Debug|Mixed Platforms = Debug|Mixed Platforms
		Debug|x86 = Debug|x86
		Release|Any CPU = Release|Any CPU
		Release|Mixed Platforms = Release|Mixed Platforms
		Release|x86 = Release|x86
	EndGlobalSection
	GlobalSection(ProjectConfigurationPlatforms) = postSolution
		{C47460D1-131E-4467-B8CC-02056D3D2652}.Debug|Any CPU.ActiveCfg = Debug|Any CPU
		{C47460D1-131E-4467-B8CC-02056D3D2652}.Debug|Any CPU.Build.0 = Debug|Any CPU
		{C47460D1-131E-4467-B8CC-02056D3D2652}.Debug|Mixed Platforms.ActiveCfg = Debug|Any CPU
		{C47460D1-131E-4467-B8CC-02056D3D2652}.Debug|Mixed Platforms.Build.0 = Debug|Any CPU
		{C47460D1-131E-4467-B8CC-02056D3D2652}.Debug|x86.ActiveCfg = Debug|Any CPU
		{C47460D1-131E-4467-B8CC-02056D3D2652}.Release|Any CPU.ActiveCfg = Release|Any CPU
		{C47460D1-131E-4467-B8CC-02056D3D2652}.Release|Any CPU.Build.0 = Release|Any CPU
		{C47460D1-131E-4467-B8CC-02056D3D2652}.Release|Mixed Platforms.ActiveCfg = Release|Any CPU
		{C47460D1-131E-4467-B8CC-02056D3D2652}.Release|Mixed Platforms.Build.0 = Release|Any CPU
		{C47460D1-131E-4467-B8CC-02056D3D2652}.Release|x86.ActiveCfg = Release|Any CPU
		{3A5DA031-BA2D-49A3-A202-06D328D514EA}.Debug|Any CPU.ActiveCfg = Debug|Any CPU
		{3A5DA031-BA2D-49A3-A202-06D328D514EA}.Debug|Any CPU.Build.0 = Debug|Any CPU
		{3A5DA031-BA2D-49A3-A202-06D328D514EA}.Debug|Mixed Platforms.ActiveCfg = Debug|Any CPU
		{3A5DA031-BA2D-49A3-A202-06D328D514EA}.Debug|Mixed Platforms.Build.0 = Debug|Any CPU
		{3A5DA031-BA2D-49A3-A202-06D328D514EA}.Debug|x86.ActiveCfg = Debug|Any CPU
		{3A5DA031-BA2D-49A3-A202-06D328D514EA}.Release|Any CPU.ActiveCfg = Release|Any CPU
		{3A5DA031-BA2D-49A3-A202-06D328D514EA}.Release|Any CPU.Build.0 = Release|Any CPU
		{3A5DA031-BA2D-49A3-A202-06D328D514EA}.Release|Mixed Platforms.ActiveCfg = Release|Any CPU
		{3A5DA031-BA2D-49A3-A202-06D328D514EA}.Release|Mixed Platforms.Build.0 = Release|Any CPU
		{3A5DA031-BA2D-49A3-A202-06D328D514EA}.Release|x86.ActiveCfg = Release|Any CPU
		{35F5C7FA-4EE0-4E03-849E-FC7EA463C2EC}.Debug|Any CPU.ActiveCfg = Debug|Any CPU
		{35F5C7FA-4EE0-4E03-849E-FC7EA463C2EC}.Debug|Any CPU.Build.0 = Debug|Any CPU
		{35F5C7FA-4EE0-4E03-849E-FC7EA463C2EC}.Debug|Mixed Platforms.ActiveCfg = Debug|Any CPU
		{35F5C7FA-4EE0-4E03-849E-FC7EA463C2EC}.Debug|Mixed Platforms.Build.0 = Debug|Any CPU
		{35F5C7FA-4EE0-4E03-849E-FC7EA463C2EC}.Debug|x86.ActiveCfg = Debug|Any CPU
		{35F5C7FA-4EE0-4E03-849E-FC7EA463C2EC}.Debug|x86.Build.0 = Debug|Any CPU
		{35F5C7FA-4EE0-4E03-849E-FC7EA463C2EC}.Release|Any CPU.ActiveCfg = Release|Any CPU
		{35F5C7FA-4EE0-4E03-849E-FC7EA463C2EC}.Release|Any CPU.Build.0 = Release|Any CPU
		{35F5C7FA-4EE0-4E03-849E-FC7EA463C2EC}.Release|Mixed Platforms.ActiveCfg = Release|Any CPU
		{35F5C7FA-4EE0-4E03-849E-FC7EA463C2EC}.Release|Mixed Platforms.Build.0 = Release|Any CPU
		{35F5C7FA-4EE0-4E03-849E-FC7EA463C2EC}.Release|x86.ActiveCfg = Release|Any CPU
		{35F5C7FA-4EE0-4E03-849E-FC7EA463C2EC}.Release|x86.Build.0 = Release|Any CPU
		{6F2F3785-13DC-4408-9E1B-340D819DCE7E}.Debug|Any CPU.ActiveCfg = Debug|Any CPU
		{6F2F3785-13DC-4408-9E1B-340D819DCE7E}.Debug|Any CPU.Build.0 = Debug|Any CPU
		{6F2F3785-13DC-4408-9E1B-340D819DCE7E}.Debug|Mixed Platforms.ActiveCfg = Debug|Any CPU
		{6F2F3785-13DC-4408-9E1B-340D819DCE7E}.Debug|Mixed Platforms.Build.0 = Debug|Any CPU
		{6F2F3785-13DC-4408-9E1B-340D819DCE7E}.Debug|x86.ActiveCfg = Debug|Any CPU
		{6F2F3785-13DC-4408-9E1B-340D819DCE7E}.Release|Any CPU.ActiveCfg = Release|Any CPU
		{6F2F3785-13DC-4408-9E1B-340D819DCE7E}.Release|Any CPU.Build.0 = Release|Any CPU
		{6F2F3785-13DC-4408-9E1B-340D819DCE7E}.Release|Mixed Platforms.ActiveCfg = Release|Any CPU
		{6F2F3785-13DC-4408-9E1B-340D819DCE7E}.Release|Mixed Platforms.Build.0 = Release|Any CPU
		{6F2F3785-13DC-4408-9E1B-340D819DCE7E}.Release|x86.ActiveCfg = Release|Any CPU
		{01FDAE95-808E-4AD8-91D8-2AE26CE18A33}.Debug|Any CPU.ActiveCfg = Debug|Any CPU
		{01FDAE95-808E-4AD8-91D8-2AE26CE18A33}.Debug|Any CPU.Build.0 = Debug|Any CPU
		{01FDAE95-808E-4AD8-91D8-2AE26CE18A33}.Debug|Mixed Platforms.ActiveCfg = Debug|Any CPU
		{01FDAE95-808E-4AD8-91D8-2AE26CE18A33}.Debug|Mixed Platforms.Build.0 = Debug|Any CPU
		{01FDAE95-808E-4AD8-91D8-2AE26CE18A33}.Debug|x86.ActiveCfg = Debug|Any CPU
		{01FDAE95-808E-4AD8-91D8-2AE26CE18A33}.Release|Any CPU.ActiveCfg = Release|Any CPU
		{01FDAE95-808E-4AD8-91D8-2AE26CE18A33}.Release|Any CPU.Build.0 = Release|Any CPU
		{01FDAE95-808E-4AD8-91D8-2AE26CE18A33}.Release|Mixed Platforms.ActiveCfg = Release|Any CPU
		{01FDAE95-808E-4AD8-91D8-2AE26CE18A33}.Release|Mixed Platforms.Build.0 = Release|Any CPU
		{01FDAE95-808E-4AD8-91D8-2AE26CE18A33}.Release|x86.ActiveCfg = Release|Any CPU
		{9ED02851-5CB5-4F63-929C-5C535C6C0EF0}.Debug|Any CPU.ActiveCfg = Debug|x86
		{9ED02851-5CB5-4F63-929C-5C535C6C0EF0}.Debug|Mixed Platforms.ActiveCfg = Debug|x86
		{9ED02851-5CB5-4F63-929C-5C535C6C0EF0}.Debug|Mixed Platforms.Build.0 = Debug|x86
		{9ED02851-5CB5-4F63-929C-5C535C6C0EF0}.Debug|x86.ActiveCfg = Debug|x86
		{9ED02851-5CB5-4F63-929C-5C535C6C0EF0}.Debug|x86.Build.0 = Debug|x86
		{9ED02851-5CB5-4F63-929C-5C535C6C0EF0}.Release|Any CPU.ActiveCfg = Release|x86
		{9ED02851-5CB5-4F63-929C-5C535C6C0EF0}.Release|Mixed Platforms.ActiveCfg = Release|x86
		{9ED02851-5CB5-4F63-929C-5C535C6C0EF0}.Release|Mixed Platforms.Build.0 = Release|x86
		{9ED02851-5CB5-4F63-929C-5C535C6C0EF0}.Release|x86.ActiveCfg = Release|x86
		{9ED02851-5CB5-4F63-929C-5C535C6C0EF0}.Release|x86.Build.0 = Release|x86
		{6CDC0922-3396-443F-AEBD-3FA60C5F67A8}.Debug|Any CPU.ActiveCfg = Debug|Any CPU
		{6CDC0922-3396-443F-AEBD-3FA60C5F67A8}.Debug|Any CPU.Build.0 = Debug|Any CPU
		{6CDC0922-3396-443F-AEBD-3FA60C5F67A8}.Debug|Mixed Platforms.ActiveCfg = Debug|Any CPU
		{6CDC0922-3396-443F-AEBD-3FA60C5F67A8}.Debug|Mixed Platforms.Build.0 = Debug|Any CPU
		{6CDC0922-3396-443F-AEBD-3FA60C5F67A8}.Debug|x86.ActiveCfg = Debug|Any CPU
		{6CDC0922-3396-443F-AEBD-3FA60C5F67A8}.Release|Any CPU.ActiveCfg = Release|Any CPU
		{6CDC0922-3396-443F-AEBD-3FA60C5F67A8}.Release|Any CPU.Build.0 = Release|Any CPU
		{6CDC0922-3396-443F-AEBD-3FA60C5F67A8}.Release|Mixed Platforms.ActiveCfg = Release|Any CPU
		{6CDC0922-3396-443F-AEBD-3FA60C5F67A8}.Release|Mixed Platforms.Build.0 = Release|Any CPU
		{6CDC0922-3396-443F-AEBD-3FA60C5F67A8}.Release|x86.ActiveCfg = Release|Any CPU
		{A0BBAE30-DDF5-4852-AD81-03F8F30BA97A}.Debug|Any CPU.ActiveCfg = Debug|Any CPU
		{A0BBAE30-DDF5-4852-AD81-03F8F30BA97A}.Debug|Any CPU.Build.0 = Debug|Any CPU
		{A0BBAE30-DDF5-4852-AD81-03F8F30BA97A}.Debug|Mixed Platforms.ActiveCfg = Debug|Any CPU
		{A0BBAE30-DDF5-4852-AD81-03F8F30BA97A}.Debug|Mixed Platforms.Build.0 = Debug|Any CPU
		{A0BBAE30-DDF5-4852-AD81-03F8F30BA97A}.Debug|x86.ActiveCfg = Debug|Any CPU
		{A0BBAE30-DDF5-4852-AD81-03F8F30BA97A}.Release|Any CPU.ActiveCfg = Release|Any CPU
		{A0BBAE30-DDF5-4852-AD81-03F8F30BA97A}.Release|Any CPU.Build.0 = Release|Any CPU
		{A0BBAE30-DDF5-4852-AD81-03F8F30BA97A}.Release|Mixed Platforms.ActiveCfg = Release|Any CPU
		{A0BBAE30-DDF5-4852-AD81-03F8F30BA97A}.Release|Mixed Platforms.Build.0 = Release|Any CPU
		{A0BBAE30-DDF5-4852-AD81-03F8F30BA97A}.Release|x86.ActiveCfg = Release|Any CPU
		{4C40089D-2E96-4A2B-9EB2-02D2B5D2441F}.Debug|Any CPU.ActiveCfg = Debug|Any CPU
		{4C40089D-2E96-4A2B-9EB2-02D2B5D2441F}.Debug|Any CPU.Build.0 = Debug|Any CPU
		{4C40089D-2E96-4A2B-9EB2-02D2B5D2441F}.Debug|Mixed Platforms.ActiveCfg = Debug|Any CPU
		{4C40089D-2E96-4A2B-9EB2-02D2B5D2441F}.Debug|Mixed Platforms.Build.0 = Debug|Any CPU
		{4C40089D-2E96-4A2B-9EB2-02D2B5D2441F}.Debug|x86.ActiveCfg = Debug|Any CPU
		{4C40089D-2E96-4A2B-9EB2-02D2B5D2441F}.Release|Any CPU.ActiveCfg = Release|Any CPU
		{4C40089D-2E96-4A2B-9EB2-02D2B5D2441F}.Release|Any CPU.Build.0 = Release|Any CPU
		{4C40089D-2E96-4A2B-9EB2-02D2B5D2441F}.Release|Mixed Platforms.ActiveCfg = Release|Any CPU
		{4C40089D-2E96-4A2B-9EB2-02D2B5D2441F}.Release|Mixed Platforms.Build.0 = Release|Any CPU
		{4C40089D-2E96-4A2B-9EB2-02D2B5D2441F}.Release|x86.ActiveCfg = Release|Any CPU
		{E7C8D3F9-BB10-4D00-B368-3EC826C5A80D}.Debug|Any CPU.ActiveCfg = Debug|Any CPU
		{E7C8D3F9-BB10-4D00-B368-3EC826C5A80D}.Debug|Any CPU.Build.0 = Debug|Any CPU
		{E7C8D3F9-BB10-4D00-B368-3EC826C5A80D}.Debug|Mixed Platforms.ActiveCfg = Debug|Any CPU
		{E7C8D3F9-BB10-4D00-B368-3EC826C5A80D}.Debug|Mixed Platforms.Build.0 = Debug|Any CPU
		{E7C8D3F9-BB10-4D00-B368-3EC826C5A80D}.Debug|x86.ActiveCfg = Debug|Any CPU
		{E7C8D3F9-BB10-4D00-B368-3EC826C5A80D}.Release|Any CPU.ActiveCfg = Release|Any CPU
		{E7C8D3F9-BB10-4D00-B368-3EC826C5A80D}.Release|Any CPU.Build.0 = Release|Any CPU
		{E7C8D3F9-BB10-4D00-B368-3EC826C5A80D}.Release|Mixed Platforms.ActiveCfg = Release|Any CPU
		{E7C8D3F9-BB10-4D00-B368-3EC826C5A80D}.Release|Mixed Platforms.Build.0 = Release|Any CPU
		{E7C8D3F9-BB10-4D00-B368-3EC826C5A80D}.Release|x86.ActiveCfg = Release|Any CPU
		{3878213A-0012-4DE4-A04A-095F074F6564}.Debug|Any CPU.ActiveCfg = Debug|Any CPU
		{3878213A-0012-4DE4-A04A-095F074F6564}.Debug|Any CPU.Build.0 = Debug|Any CPU
		{3878213A-0012-4DE4-A04A-095F074F6564}.Debug|Mixed Platforms.ActiveCfg = Debug|Any CPU
		{3878213A-0012-4DE4-A04A-095F074F6564}.Debug|Mixed Platforms.Build.0 = Debug|Any CPU
		{3878213A-0012-4DE4-A04A-095F074F6564}.Debug|x86.ActiveCfg = Debug|Any CPU
		{3878213A-0012-4DE4-A04A-095F074F6564}.Release|Any CPU.ActiveCfg = Release|Any CPU
		{3878213A-0012-4DE4-A04A-095F074F6564}.Release|Any CPU.Build.0 = Release|Any CPU
		{3878213A-0012-4DE4-A04A-095F074F6564}.Release|Mixed Platforms.ActiveCfg = Release|Any CPU
		{3878213A-0012-4DE4-A04A-095F074F6564}.Release|Mixed Platforms.Build.0 = Release|Any CPU
		{3878213A-0012-4DE4-A04A-095F074F6564}.Release|x86.ActiveCfg = Release|Any CPU
		{6B92D5D4-19F4-4A16-B1B1-2413393EDD94}.Debug|Any CPU.ActiveCfg = Debug|Any CPU
		{6B92D5D4-19F4-4A16-B1B1-2413393EDD94}.Debug|Any CPU.Build.0 = Debug|Any CPU
		{6B92D5D4-19F4-4A16-B1B1-2413393EDD94}.Debug|Mixed Platforms.ActiveCfg = Debug|Any CPU
		{6B92D5D4-19F4-4A16-B1B1-2413393EDD94}.Debug|Mixed Platforms.Build.0 = Debug|Any CPU
		{6B92D5D4-19F4-4A16-B1B1-2413393EDD94}.Debug|x86.ActiveCfg = Debug|Any CPU
		{6B92D5D4-19F4-4A16-B1B1-2413393EDD94}.Release|Any CPU.ActiveCfg = Release|Any CPU
		{6B92D5D4-19F4-4A16-B1B1-2413393EDD94}.Release|Any CPU.Build.0 = Release|Any CPU
		{6B92D5D4-19F4-4A16-B1B1-2413393EDD94}.Release|Mixed Platforms.ActiveCfg = Release|Any CPU
		{6B92D5D4-19F4-4A16-B1B1-2413393EDD94}.Release|Mixed Platforms.Build.0 = Release|Any CPU
		{6B92D5D4-19F4-4A16-B1B1-2413393EDD94}.Release|x86.ActiveCfg = Release|Any CPU
		{CB560249-9A5B-42A0-9DB6-8E9165194C6C}.Debug|Any CPU.ActiveCfg = Debug|Any CPU
		{CB560249-9A5B-42A0-9DB6-8E9165194C6C}.Debug|Any CPU.Build.0 = Debug|Any CPU
		{CB560249-9A5B-42A0-9DB6-8E9165194C6C}.Debug|Mixed Platforms.ActiveCfg = Debug|Any CPU
		{CB560249-9A5B-42A0-9DB6-8E9165194C6C}.Debug|Mixed Platforms.Build.0 = Debug|Any CPU
		{CB560249-9A5B-42A0-9DB6-8E9165194C6C}.Debug|x86.ActiveCfg = Debug|Any CPU
		{CB560249-9A5B-42A0-9DB6-8E9165194C6C}.Release|Any CPU.ActiveCfg = Release|Any CPU
		{CB560249-9A5B-42A0-9DB6-8E9165194C6C}.Release|Any CPU.Build.0 = Release|Any CPU
		{CB560249-9A5B-42A0-9DB6-8E9165194C6C}.Release|Mixed Platforms.ActiveCfg = Release|Any CPU
		{CB560249-9A5B-42A0-9DB6-8E9165194C6C}.Release|Mixed Platforms.Build.0 = Release|Any CPU
		{CB560249-9A5B-42A0-9DB6-8E9165194C6C}.Release|x86.ActiveCfg = Release|Any CPU
		{DAEFE276-BFF4-45F6-AA22-413528E44998}.Debug|Any CPU.ActiveCfg = Debug|Any CPU
		{DAEFE276-BFF4-45F6-AA22-413528E44998}.Debug|Any CPU.Build.0 = Debug|Any CPU
		{DAEFE276-BFF4-45F6-AA22-413528E44998}.Debug|Mixed Platforms.ActiveCfg = Debug|Any CPU
		{DAEFE276-BFF4-45F6-AA22-413528E44998}.Debug|Mixed Platforms.Build.0 = Debug|Any CPU
		{DAEFE276-BFF4-45F6-AA22-413528E44998}.Debug|x86.ActiveCfg = Debug|Any CPU
		{DAEFE276-BFF4-45F6-AA22-413528E44998}.Release|Any CPU.ActiveCfg = Release|Any CPU
		{DAEFE276-BFF4-45F6-AA22-413528E44998}.Release|Any CPU.Build.0 = Release|Any CPU
		{DAEFE276-BFF4-45F6-AA22-413528E44998}.Release|Mixed Platforms.ActiveCfg = Release|Any CPU
		{DAEFE276-BFF4-45F6-AA22-413528E44998}.Release|Mixed Platforms.Build.0 = Release|Any CPU
		{DAEFE276-BFF4-45F6-AA22-413528E44998}.Release|x86.ActiveCfg = Release|Any CPU
		{5C00DF71-E9B7-4A2B-8BF3-FE7E0CC7A7AC}.Debug|Any CPU.ActiveCfg = Debug|Any CPU
		{5C00DF71-E9B7-4A2B-8BF3-FE7E0CC7A7AC}.Debug|Any CPU.Build.0 = Debug|Any CPU
		{5C00DF71-E9B7-4A2B-8BF3-FE7E0CC7A7AC}.Debug|Mixed Platforms.ActiveCfg = Debug|Any CPU
		{5C00DF71-E9B7-4A2B-8BF3-FE7E0CC7A7AC}.Debug|Mixed Platforms.Build.0 = Debug|Any CPU
		{5C00DF71-E9B7-4A2B-8BF3-FE7E0CC7A7AC}.Debug|x86.ActiveCfg = Debug|Any CPU
		{5C00DF71-E9B7-4A2B-8BF3-FE7E0CC7A7AC}.Debug|x86.Build.0 = Debug|Any CPU
		{5C00DF71-E9B7-4A2B-8BF3-FE7E0CC7A7AC}.Release|Any CPU.ActiveCfg = Release|Any CPU
		{5C00DF71-E9B7-4A2B-8BF3-FE7E0CC7A7AC}.Release|Any CPU.Build.0 = Release|Any CPU
		{5C00DF71-E9B7-4A2B-8BF3-FE7E0CC7A7AC}.Release|Mixed Platforms.ActiveCfg = Release|Any CPU
		{5C00DF71-E9B7-4A2B-8BF3-FE7E0CC7A7AC}.Release|Mixed Platforms.Build.0 = Release|Any CPU
		{5C00DF71-E9B7-4A2B-8BF3-FE7E0CC7A7AC}.Release|x86.ActiveCfg = Release|Any CPU
		{5C00DF71-E9B7-4A2B-8BF3-FE7E0CC7A7AC}.Release|x86.Build.0 = Release|Any CPU
		{E4235F89-DED8-44AF-9124-0917D65ADBE5}.Debug|Any CPU.ActiveCfg = Debug|Any CPU
		{E4235F89-DED8-44AF-9124-0917D65ADBE5}.Debug|Any CPU.Build.0 = Debug|Any CPU
		{E4235F89-DED8-44AF-9124-0917D65ADBE5}.Debug|Mixed Platforms.ActiveCfg = Debug|Any CPU
		{E4235F89-DED8-44AF-9124-0917D65ADBE5}.Debug|Mixed Platforms.Build.0 = Debug|Any CPU
		{E4235F89-DED8-44AF-9124-0917D65ADBE5}.Debug|x86.ActiveCfg = Debug|Any CPU
		{E4235F89-DED8-44AF-9124-0917D65ADBE5}.Debug|x86.Build.0 = Debug|Any CPU
		{E4235F89-DED8-44AF-9124-0917D65ADBE5}.Release|Any CPU.ActiveCfg = Release|Any CPU
		{E4235F89-DED8-44AF-9124-0917D65ADBE5}.Release|Any CPU.Build.0 = Release|Any CPU
		{E4235F89-DED8-44AF-9124-0917D65ADBE5}.Release|Mixed Platforms.ActiveCfg = Release|Any CPU
		{E4235F89-DED8-44AF-9124-0917D65ADBE5}.Release|Mixed Platforms.Build.0 = Release|Any CPU
		{E4235F89-DED8-44AF-9124-0917D65ADBE5}.Release|x86.ActiveCfg = Release|Any CPU
		{E4235F89-DED8-44AF-9124-0917D65ADBE5}.Release|x86.Build.0 = Release|Any CPU
	EndGlobalSection
	GlobalSection(SolutionProperties) = preSolution
		HideSolutionNode = FALSE
	EndGlobalSection
	GlobalSection(NestedProjects) = preSolution
		{C47460D1-131E-4467-B8CC-02056D3D2652} = {189E31A8-1E3E-4C46-808F-C85B47A37FC7}
		{3A5DA031-BA2D-49A3-A202-06D328D514EA} = {189E31A8-1E3E-4C46-808F-C85B47A37FC7}
		{35F5C7FA-4EE0-4E03-849E-FC7EA463C2EC} = {189E31A8-1E3E-4C46-808F-C85B47A37FC7}
		{6F2F3785-13DC-4408-9E1B-340D819DCE7E} = {A6A813B0-F8A3-4FC5-830E-41175009BC7F}
		{01FDAE95-808E-4AD8-91D8-2AE26CE18A33} = {A6A813B0-F8A3-4FC5-830E-41175009BC7F}
		{9ED02851-5CB5-4F63-929C-5C535C6C0EF0} = {A6A813B0-F8A3-4FC5-830E-41175009BC7F}
		{6CDC0922-3396-443F-AEBD-3FA60C5F67A8} = {A6A813B0-F8A3-4FC5-830E-41175009BC7F}
		{A0BBAE30-DDF5-4852-AD81-03F8F30BA97A} = {4A34094C-2365-4F5C-8854-41EF7023BDC1}
		{4C40089D-2E96-4A2B-9EB2-02D2B5D2441F} = {4A34094C-2365-4F5C-8854-41EF7023BDC1}
		{E7C8D3F9-BB10-4D00-B368-3EC826C5A80D} = {FBD50BDD-DD90-4C0C-8D96-DAAFD2493734}
		{4A34094C-2365-4F5C-8854-41EF7023BDC1} = {E83982C3-5D5E-4051-94CF-E1EC859249C3}
		{2E880E69-F61D-488A-BD6B-7A44D5103FB3} = {E83982C3-5D5E-4051-94CF-E1EC859249C3}
		{3878213A-0012-4DE4-A04A-095F074F6564} = {FBD50BDD-DD90-4C0C-8D96-DAAFD2493734}
		{6B92D5D4-19F4-4A16-B1B1-2413393EDD94} = {FBD50BDD-DD90-4C0C-8D96-DAAFD2493734}
		{CB560249-9A5B-42A0-9DB6-8E9165194C6C} = {2F7BCBD9-D532-40A7-9428-6F1F2B8DFFCE}
		{DAEFE276-BFF4-45F6-AA22-413528E44998} = {2F7BCBD9-D532-40A7-9428-6F1F2B8DFFCE}
		{5C00DF71-E9B7-4A2B-8BF3-FE7E0CC7A7AC} = {F9261BE5-AAB7-4D44-B0A3-5974FD1EF812}
		{E4235F89-DED8-44AF-9124-0917D65ADBE5} = {F9261BE5-AAB7-4D44-B0A3-5974FD1EF812}
	EndGlobalSection
	GlobalSection(TestCaseManagementSettings) = postSolution
		CategoryFile = TransMock.vsmdi
	EndGlobalSection
EndGlobal
