
Microsoft Visual Studio Solution File, Format Version 12.00
# Visual Studio 14
VisualStudioVersion = 14.0.25420.1
MinimumVisualStudioVersion = 10.0.40219.1
Project("{FAE04EC0-301F-11D3-BF4B-00C04F79EFBC}") = "TransMock.Wcf.Adapter.BTS2016", "Adapter\TransMock.Wcf.Adapter\TransMock.Wcf.Adapter.BTS2016.csproj", "{1F8B806E-B479-4DB0-9896-1D29E288A2F2}"
EndProject
Project("{FAE04EC0-301F-11D3-BF4B-00C04F79EFBC}") = "TransMock.Wcf.Adapter.Tests.BTS2016", "Adapter\TransMock.Wcf.Adapter.Tests\TransMock.Wcf.Adapter.Tests.BTS2016.csproj", "{43289D5B-19BD-4FD1-A8A7-05996A688BEE}"
EndProject
Project("{2150E333-8FDC-42A3-9474-1A3956D46DE8}") = "Solution Items", "Solution Items", "{E8CCED02-CA1A-4408-9A80-BA606A66CE24}"
	ProjectSection(SolutionItems) = preProject
		Local.testsettings = Local.testsettings
		Settings.StyleCop = Settings.StyleCop
		TraceAndTestImpact.testsettings = TraceAndTestImpact.testsettings
		TransMock.vsmdi = TransMock.vsmdi
		VersionInfo.cs = VersionInfo.cs
	EndProjectSection
EndProject
Project("{FAE04EC0-301F-11D3-BF4B-00C04F79EFBC}") = "TransMock.Mockifier.Parser.BTS2016", "Mockifier\TransMock.Mockifier.Parser\TransMock.Mockifier.Parser.BTS2016.csproj", "{B3EDC765-D278-420D-8E10-E408ACF1067A}"
EndProject
Project("{FAE04EC0-301F-11D3-BF4B-00C04F79EFBC}") = "TransMock.Mockifier.Parser.Tests.BTS2016", "Mockifier\TransMock.Mockifier.Parser.Tests\TransMock.Mockifier.Parser.Tests.BTS2016.csproj", "{1AE03E84-CD2E-4F67-B953-6D3CEE410315}"
EndProject
Project("{FAE04EC0-301F-11D3-BF4B-00C04F79EFBC}") = "TransMock.Mockifier.BTS2016", "Mockifier\TransMock.Mockifier\TransMock.Mockifier.BTS2016.csproj", "{C24D4710-ABF8-48AC-BA22-E6BE75E50EAD}"
EndProject
Project("{FAE04EC0-301F-11D3-BF4B-00C04F79EFBC}") = "TransMock.Mockifier.Tests.BTS2016", "Mockifier\TransMock.Mockifier.Tests\TransMock.Mockifier.Tests.BTS2016.csproj", "{F4E6707A-1B29-4F36-A5B8-92C8BAE0FF3F}"
EndProject
Project("{FAE04EC0-301F-11D3-BF4B-00C04F79EFBC}") = "TransMock.Integration.BizUnit.BTS2016", "Integration\BizUnit\TransMock.Integration.BizUnit\TransMock.Integration.BizUnit.BTS2016.csproj", "{B32C1509-3952-4492-B097-6886CEC675FB}"
EndProject
Project("{FAE04EC0-301F-11D3-BF4B-00C04F79EFBC}") = "TransMock.Integration.BizUnit.Tests.BTS2016", "Integration\BizUnit\TransMock.Integration.BizUnit.Tests\TransMock.Integration.BizUnit.Tests.BTS2016.csproj", "{FCBD2200-2998-4A52-8D49-FC17F21A4750}"
EndProject
Project("{FAE04EC0-301F-11D3-BF4B-00C04F79EFBC}") = "TransMock.TestUtils.BTS2016", "Test\TransMock.TestUtils\TransMock.TestUtils.BTS2016.csproj", "{5891035F-5346-4A15-BB61-09018D5CC4AE}"
EndProject
Project("{2150E333-8FDC-42A3-9474-1A3956D46DE8}") = "Adapter", "Adapter", "{189E31A8-1E3E-4C46-808F-C85B47A37FC7}"
EndProject
Project("{2150E333-8FDC-42A3-9474-1A3956D46DE8}") = "Mockifier", "Mockifier", "{A6A813B0-F8A3-4FC5-830E-41175009BC7F}"
EndProject
Project("{2150E333-8FDC-42A3-9474-1A3956D46DE8}") = "Integration", "Integration", "{E83982C3-5D5E-4051-94CF-E1EC859249C3}"
EndProject
Project("{2150E333-8FDC-42A3-9474-1A3956D46DE8}") = "BizUnit", "BizUnit", "{4A34094C-2365-4F5C-8854-41EF7023BDC1}"
EndProject
Project("{2150E333-8FDC-42A3-9474-1A3956D46DE8}") = "Deployment", "Deployment", "{4D7DAFFB-5E3F-48C1-8736-7313FF509477}"
EndProject
Project("{2150E333-8FDC-42A3-9474-1A3956D46DE8}") = "Test", "Test", "{FBD50BDD-DD90-4C0C-8D96-DAAFD2493734}"
EndProject
Project("{2150E333-8FDC-42A3-9474-1A3956D46DE8}") = "BTDF", "BTDF", "{2E880E69-F61D-488A-BD6B-7A44D5103FB3}"
	ProjectSection(SolutionItems) = preProject
		Integration\BTDF\TransMock.targets = Integration\BTDF\TransMock.targets
	EndProjectSection
EndProject
Project("{FAE04EC0-301F-11D3-BF4B-00C04F79EFBC}") = "TransMock.TestUtils.BizTalk.BTS2016", "Test\TransMock.TestUtils.BizTalk\TransMock.TestUtils.BizTalk.BTS2016.csproj", "{42F57394-8F3E-47E7-B1E6-ACDEA505AF23}"
EndProject
Project("{FAE04EC0-301F-11D3-BF4B-00C04F79EFBC}") = "TransMock.TestUtils.BizTalk.Tests.BTS2016", "Test\TransMock.TestUtils.BizTalk.Tests\TransMock.TestUtils.BizTalk.Tests.BTS2016.csproj", "{CBA39921-3716-4CBE-8742-086727D383B0}"
EndProject
Project("{2150E333-8FDC-42A3-9474-1A3956D46DE8}") = "Communication", "Communication", "{2D9F1B46-84E3-44E6-B46A-AB5B9E079560}"
EndProject
Project("{FAE04EC0-301F-11D3-BF4B-00C04F79EFBC}") = "TransMock.Communication.NamedPipes.BTS2016", "Communication\TransMock.Communication.NamedPipe\TransMock.Communication.NamedPipes.BTS2016.csproj", "{6C9E0C6C-4E2B-40A1-8413-980538762DDE}"
EndProject
Project("{FAE04EC0-301F-11D3-BF4B-00C04F79EFBC}") = "TransMock.Communication.NamedPipes.Tests.BTS2016", "Communication\TransMock.Communication.NamedPipes.Tests\TransMock.Communication.NamedPipes.Tests.BTS2016.csproj", "{B08F87E7-B580-4E42-BAF0-7F8233153230}"
EndProject
Project("{FAE04EC0-301F-11D3-BF4B-00C04F79EFBC}") = "TransMock.Wcf.Adapter.BTS2010", "Adapter\TransMock.Wcf.Adapter\TransMock.Wcf.Adapter.BTS2010.csproj", "{10B17C1A-69EC-4A58-904F-16037427DC03}"
EndProject
Project("{FAE04EC0-301F-11D3-BF4B-00C04F79EFBC}") = "TransMock.Communication.NamedPipes.BTS2010", "Communication\TransMock.Communication.NamedPipe\TransMock.Communication.NamedPipes.BTS2010.csproj", "{CF45DA9F-F4B9-46B7-AD11-FA36AF2BF399}"
EndProject
Project("{FAE04EC0-301F-11D3-BF4B-00C04F79EFBC}") = "TransMock.Communication.NamedPipes.Tests.BTS2010", "Communication\TransMock.Communication.NamedPipes.Tests\TransMock.Communication.NamedPipes.Tests.BTS2010.csproj", "{47C0AB15-28EC-44A5-98AE-11342818567D}"
EndProject
Project("{FAE04EC0-301F-11D3-BF4B-00C04F79EFBC}") = "TransMock.Integration.BizUnit.BTS2010", "Integration\BizUnit\TransMock.Integration.BizUnit\TransMock.Integration.BizUnit.BTS2010.csproj", "{439276D9-0416-42B3-941A-B1D1000595BA}"
EndProject
Project("{FAE04EC0-301F-11D3-BF4B-00C04F79EFBC}") = "TransMock.Integration.BizUnit.Tests.BTS2010", "Integration\BizUnit\TransMock.Integration.BizUnit.Tests\TransMock.Integration.BizUnit.Tests.BTS2010.csproj", "{685BC077-2B9F-416C-83A6-2F449319A25D}"
EndProject
Project("{FAE04EC0-301F-11D3-BF4B-00C04F79EFBC}") = "TransMock.Mockifier.BTS2010", "Mockifier\TransMock.Mockifier\TransMock.Mockifier.BTS2010.csproj", "{C2E611CF-808C-4F25-9619-3247E02BB2F9}"
EndProject
Project("{FAE04EC0-301F-11D3-BF4B-00C04F79EFBC}") = "TransMock.Mockifier.Parser.BTS2010", "Mockifier\TransMock.Mockifier.Parser\TransMock.Mockifier.Parser.BTS2010.csproj", "{96B57E0C-238A-404F-8D79-A5918DF86DDF}"
EndProject
Project("{FAE04EC0-301F-11D3-BF4B-00C04F79EFBC}") = "TransMock.Mockifier.Parser.Tests.BTS2010", "Mockifier\TransMock.Mockifier.Parser.Tests\TransMock.Mockifier.Parser.Tests.BTS2010.csproj", "{36EC756C-C890-45AE-9289-E1068B388B58}"
EndProject
Project("{FAE04EC0-301F-11D3-BF4B-00C04F79EFBC}") = "TransMock.Mockifier.Tests.BTS2010", "Mockifier\TransMock.Mockifier.Tests\TransMock.Mockifier.Tests.BTS2010.csproj", "{5D5CA52C-800C-4F36-9283-0F95D87126ED}"
EndProject
Project("{FAE04EC0-301F-11D3-BF4B-00C04F79EFBC}") = "TransMock.TestUtils.BTS2010", "Test\TransMock.TestUtils\TransMock.TestUtils.BTS2010.csproj", "{DFAD184E-2C98-4E34-AE8D-7BD0EC677F12}"
EndProject
Project("{FAE04EC0-301F-11D3-BF4B-00C04F79EFBC}") = "TransMock.TestUtils.BizTalk.BTS2010", "Test\TransMock.TestUtils.BizTalk\TransMock.TestUtils.BizTalk.BTS2010.csproj", "{2C5E174A-8087-41B1-805C-7D7830EC478A}"
EndProject
Project("{FAE04EC0-301F-11D3-BF4B-00C04F79EFBC}") = "TransMock.TestUtils.BizTalk.Tests.BTS2010", "Test\TransMock.TestUtils.BizTalk.Tests\TransMock.TestUtils.BizTalk.Tests.BTS2010.csproj", "{B06CE9EC-C799-47B1-AFCD-F10681F53B61}"
EndProject
Project("{FAE04EC0-301F-11D3-BF4B-00C04F79EFBC}") = "TransMock.Wcf.Adapter.BTS2013", "Adapter\TransMock.Wcf.Adapter\TransMock.Wcf.Adapter.BTS2013.csproj", "{C47460D1-131E-4467-B8CC-02056D3D2652}"
EndProject
Project("{FAE04EC0-301F-11D3-BF4B-00C04F79EFBC}") = "TransMock.Wcf.Adapter.BTS2013R2", "Adapter\TransMock.Wcf.Adapter\TransMock.Wcf.Adapter.BTS2013R2.csproj", "{85C320D4-7F57-4702-8324-73B71B209FF9}"
EndProject
Project("{FAE04EC0-301F-11D3-BF4B-00C04F79EFBC}") = "TransMock.Wcf.Adapter.Tests.BTS2010", "Adapter\TransMock.Wcf.Adapter.Tests\TransMock.Wcf.Adapter.Tests.BTS2010.csproj", "{1DD6AC74-FACD-46CA-A8FB-0E39653A2B2E}"
EndProject
Project("{FAE04EC0-301F-11D3-BF4B-00C04F79EFBC}") = "TransMock.Wcf.Adapter.Tests.BTS2013", "Adapter\TransMock.Wcf.Adapter.Tests\TransMock.Wcf.Adapter.Tests.BTS2013.csproj", "{3A5DA031-BA2D-49A3-A202-06D328D514EA}"
EndProject
Project("{FAE04EC0-301F-11D3-BF4B-00C04F79EFBC}") = "TransMock.Wcf.Adapter.Tests.BTS2013R2", "Adapter\TransMock.Wcf.Adapter.Tests\TransMock.Wcf.Adapter.Tests.BTS2013R2.csproj", "{8522A0F5-87CD-4552-8E7F-FBC196265E8C}"
EndProject
Project("{FAE04EC0-301F-11D3-BF4B-00C04F79EFBC}") = "TransMock.Communication.NamedPipes.BTS2013", "Communication\TransMock.Communication.NamedPipe\TransMock.Communication.NamedPipes.BTS2013.csproj", "{CB560249-9A5B-42A0-9DB6-8E9165194C6C}"
EndProject
Project("{FAE04EC0-301F-11D3-BF4B-00C04F79EFBC}") = "TransMock.Communication.NamedPipes.BTS2013R2", "Communication\TransMock.Communication.NamedPipe\TransMock.Communication.NamedPipes.BTS2013R2.csproj", "{51C54397-0A93-421D-BFBA-FF920A48C19E}"
EndProject
Project("{FAE04EC0-301F-11D3-BF4B-00C04F79EFBC}") = "TransMock.Communication.NamedPipes.Tests.BTS2013", "Communication\TransMock.Communication.NamedPipes.Tests\TransMock.Communication.NamedPipes.Tests.BTS2013.csproj", "{DAEFE276-BFF4-45F6-AA22-413528E44998}"
EndProject
Project("{FAE04EC0-301F-11D3-BF4B-00C04F79EFBC}") = "TransMock.Communication.NamedPipes.Tests.BTS2013R2", "Communication\TransMock.Communication.NamedPipes.Tests\TransMock.Communication.NamedPipes.Tests.BTS2013R2.csproj", "{9F033655-BF47-440E-90F6-B72886A2EBAA}"
EndProject
Project("{FAE04EC0-301F-11D3-BF4B-00C04F79EFBC}") = "TransMock.Integration.BizUnit.BTS2013", "Integration\BizUnit\TransMock.Integration.BizUnit\TransMock.Integration.BizUnit.BTS2013.csproj", "{A0BBAE30-DDF5-4852-AD81-03F8F30BA97A}"
EndProject
Project("{FAE04EC0-301F-11D3-BF4B-00C04F79EFBC}") = "TransMock.Integration.BizUnit.BTS2013R2", "Integration\BizUnit\TransMock.Integration.BizUnit\TransMock.Integration.BizUnit.BTS2013R2.csproj", "{E4EBDD49-191A-4697-8BC2-F85C0EE0A8BE}"
EndProject
Project("{FAE04EC0-301F-11D3-BF4B-00C04F79EFBC}") = "TransMock.Integration.BizUnit.Tests.BTS2013", "Integration\BizUnit\TransMock.Integration.BizUnit.Tests\TransMock.Integration.BizUnit.Tests.BTS2013.csproj", "{4C40089D-2E96-4A2B-9EB2-02D2B5D2441F}"
EndProject
Project("{FAE04EC0-301F-11D3-BF4B-00C04F79EFBC}") = "TransMock.Integration.BizUnit.Tests.BTS2013R2", "Integration\BizUnit\TransMock.Integration.BizUnit.Tests\TransMock.Integration.BizUnit.Tests.BTS2013R2.csproj", "{98F23F99-F1FA-49CB-B32B-7F17FB955817}"
EndProject
Project("{FAE04EC0-301F-11D3-BF4B-00C04F79EFBC}") = "TransMock.Mockifier.BTS2013", "Mockifier\TransMock.Mockifier\TransMock.Mockifier.BTS2013.csproj", "{9ED02851-5CB5-4F63-929C-5C535C6C0EF0}"
EndProject
Project("{FAE04EC0-301F-11D3-BF4B-00C04F79EFBC}") = "TransMock.Mockifier.BTS2013R2", "Mockifier\TransMock.Mockifier\TransMock.Mockifier.BTS2013R2.csproj", "{5DCF0313-B04A-4727-91B9-11C618250A97}"
EndProject
Project("{FAE04EC0-301F-11D3-BF4B-00C04F79EFBC}") = "TransMock.Mockifier.Parser.BTS2013", "Mockifier\TransMock.Mockifier.Parser\TransMock.Mockifier.Parser.BTS2013.csproj", "{6F2F3785-13DC-4408-9E1B-340D819DCE7E}"
EndProject
Project("{FAE04EC0-301F-11D3-BF4B-00C04F79EFBC}") = "TransMock.Mockifier.Parser.Tests.BTS2013R2", "Mockifier\TransMock.Mockifier.Parser.Tests\TransMock.Mockifier.Parser.Tests.BTS2013R2.csproj", "{D171B6E9-44C6-4C43-A5BA-A47C7D5CB2F3}"
EndProject
Project("{FAE04EC0-301F-11D3-BF4B-00C04F79EFBC}") = "TransMock.Mockifier.Parser.BTS2013R2", "Mockifier\TransMock.Mockifier.Parser\TransMock.Mockifier.Parser.BTS2013R2.csproj", "{0C81DC0D-ABE3-4188-83D3-C0961E7427CD}"
EndProject
Project("{FAE04EC0-301F-11D3-BF4B-00C04F79EFBC}") = "TransMock.Mockifier.Parser.Tests.BTS2013", "Mockifier\TransMock.Mockifier.Parser.Tests\TransMock.Mockifier.Parser.Tests.BTS2013.csproj", "{01FDAE95-808E-4AD8-91D8-2AE26CE18A33}"
EndProject
Project("{FAE04EC0-301F-11D3-BF4B-00C04F79EFBC}") = "TransMock.Mockifier.Tests.BTS2013", "Mockifier\TransMock.Mockifier.Tests\TransMock.Mockifier.Tests.BTS2013.csproj", "{6CDC0922-3396-443F-AEBD-3FA60C5F67A8}"
EndProject
Project("{FAE04EC0-301F-11D3-BF4B-00C04F79EFBC}") = "TransMock.Mockifier.Tests.BTS2013R2", "Mockifier\TransMock.Mockifier.Tests\TransMock.Mockifier.Tests.BTS2013R2.csproj", "{793A39ED-3464-4589-86CD-3FDF491D365C}"
EndProject
Project("{FAE04EC0-301F-11D3-BF4B-00C04F79EFBC}") = "TransMock.TestUtils.BTS2013", "Test\TransMock.TestUtils\TransMock.TestUtils.BTS2013.csproj", "{E7C8D3F9-BB10-4D00-B368-3EC826C5A80D}"
EndProject
Project("{FAE04EC0-301F-11D3-BF4B-00C04F79EFBC}") = "TransMock.TestUtils.BTS2013R2", "Test\TransMock.TestUtils\TransMock.TestUtils.BTS2013R2.csproj", "{3D54D0DF-7C08-4A06-9DCD-8D1CFDD8248F}"
EndProject
Project("{FAE04EC0-301F-11D3-BF4B-00C04F79EFBC}") = "TransMock.TestUtils.BizTalk.BTS2013", "Test\TransMock.TestUtils.BizTalk\TransMock.TestUtils.BizTalk.BTS2013.csproj", "{3878213A-0012-4DE4-A04A-095F074F6564}"
EndProject
Project("{FAE04EC0-301F-11D3-BF4B-00C04F79EFBC}") = "TransMock.TestUtils.BizTalk.BTS2013R2", "Test\TransMock.TestUtils.BizTalk\TransMock.TestUtils.BizTalk.BTS2013R2.csproj", "{739DB012-7061-454F-97A4-DED039F44EF7}"
EndProject
Project("{FAE04EC0-301F-11D3-BF4B-00C04F79EFBC}") = "TransMock.TestUtils.BizTalk.Tests.BTS2013", "Test\TransMock.TestUtils.BizTalk.Tests\TransMock.TestUtils.BizTalk.Tests.BTS2013.csproj", "{6B92D5D4-19F4-4A16-B1B1-2413393EDD94}"
EndProject
Project("{FAE04EC0-301F-11D3-BF4B-00C04F79EFBC}") = "TransMock.TestUtils.BizTalk.Tests.BTS2013R2", "Test\TransMock.TestUtils.BizTalk.Tests\TransMock.TestUtils.BizTalk.Tests.BTS2013R2.csproj", "{DEEBAF61-FAD2-427D-A3A5-E5C1C67275EB}"
EndProject
Project("{FF286327-C783-4F7A-AB73-9BCBAD0D4460}") = "TransMock.Deploy.Adapter", "Deployment\TransMock.Deploy.Adapter\TransMock.Deploy.Adapter.nuproj", "{A9525F96-F88E-4BCA-9E9E-F49E06EDD7DF}"
EndProject
Project("{FF286327-C783-4F7A-AB73-9BCBAD0D4460}") = "TransMock.Deploy.Framework", "Deployment\TransMock.Deploy.Framework\TransMock.Deploy.Framework.nuproj", "{F8B1849D-8252-45FE-BA8A-6C6828DA1D6E}"
EndProject
Global
	GlobalSection(SolutionConfigurationPlatforms) = preSolution
		Debug|Any CPU = Debug|Any CPU
		Debug|Mixed Platforms = Debug|Mixed Platforms
		Debug|x86 = Debug|x86
		Release|Any CPU = Release|Any CPU
		Release|Mixed Platforms = Release|Mixed Platforms
		Release|x86 = Release|x86
	EndGlobalSection
	GlobalSection(ProjectConfigurationPlatforms) = postSolution
		{1F8B806E-B479-4DB0-9896-1D29E288A2F2}.Debug|Any CPU.ActiveCfg = Debug|Any CPU
		{1F8B806E-B479-4DB0-9896-1D29E288A2F2}.Debug|Any CPU.Build.0 = Debug|Any CPU
		{1F8B806E-B479-4DB0-9896-1D29E288A2F2}.Debug|Mixed Platforms.ActiveCfg = Debug|Any CPU
		{1F8B806E-B479-4DB0-9896-1D29E288A2F2}.Debug|Mixed Platforms.Build.0 = Debug|Any CPU
		{1F8B806E-B479-4DB0-9896-1D29E288A2F2}.Debug|x86.ActiveCfg = Debug|Any CPU
		{1F8B806E-B479-4DB0-9896-1D29E288A2F2}.Release|Any CPU.ActiveCfg = Release|Any CPU
		{1F8B806E-B479-4DB0-9896-1D29E288A2F2}.Release|Any CPU.Build.0 = Release|Any CPU
		{1F8B806E-B479-4DB0-9896-1D29E288A2F2}.Release|Mixed Platforms.ActiveCfg = Release|Any CPU
		{1F8B806E-B479-4DB0-9896-1D29E288A2F2}.Release|Mixed Platforms.Build.0 = Release|Any CPU
		{1F8B806E-B479-4DB0-9896-1D29E288A2F2}.Release|x86.ActiveCfg = Release|Any CPU
		{43289D5B-19BD-4FD1-A8A7-05996A688BEE}.Debug|Any CPU.ActiveCfg = Debug|Any CPU
		{43289D5B-19BD-4FD1-A8A7-05996A688BEE}.Debug|Any CPU.Build.0 = Debug|Any CPU
		{43289D5B-19BD-4FD1-A8A7-05996A688BEE}.Debug|Mixed Platforms.ActiveCfg = Debug|Any CPU
		{43289D5B-19BD-4FD1-A8A7-05996A688BEE}.Debug|Mixed Platforms.Build.0 = Debug|Any CPU
		{43289D5B-19BD-4FD1-A8A7-05996A688BEE}.Debug|x86.ActiveCfg = Debug|Any CPU
		{43289D5B-19BD-4FD1-A8A7-05996A688BEE}.Release|Any CPU.ActiveCfg = Release|Any CPU
		{43289D5B-19BD-4FD1-A8A7-05996A688BEE}.Release|Any CPU.Build.0 = Release|Any CPU
		{43289D5B-19BD-4FD1-A8A7-05996A688BEE}.Release|Mixed Platforms.ActiveCfg = Release|Any CPU
		{43289D5B-19BD-4FD1-A8A7-05996A688BEE}.Release|Mixed Platforms.Build.0 = Release|Any CPU
		{43289D5B-19BD-4FD1-A8A7-05996A688BEE}.Release|x86.ActiveCfg = Release|Any CPU
		{B3EDC765-D278-420D-8E10-E408ACF1067A}.Debug|Any CPU.ActiveCfg = Debug|Any CPU
		{B3EDC765-D278-420D-8E10-E408ACF1067A}.Debug|Any CPU.Build.0 = Debug|Any CPU
		{B3EDC765-D278-420D-8E10-E408ACF1067A}.Debug|Mixed Platforms.ActiveCfg = Debug|Any CPU
		{B3EDC765-D278-420D-8E10-E408ACF1067A}.Debug|Mixed Platforms.Build.0 = Debug|Any CPU
		{B3EDC765-D278-420D-8E10-E408ACF1067A}.Debug|x86.ActiveCfg = Debug|Any CPU
		{B3EDC765-D278-420D-8E10-E408ACF1067A}.Release|Any CPU.ActiveCfg = Release|Any CPU
		{B3EDC765-D278-420D-8E10-E408ACF1067A}.Release|Any CPU.Build.0 = Release|Any CPU
		{B3EDC765-D278-420D-8E10-E408ACF1067A}.Release|Mixed Platforms.ActiveCfg = Release|Any CPU
		{B3EDC765-D278-420D-8E10-E408ACF1067A}.Release|Mixed Platforms.Build.0 = Release|Any CPU
		{B3EDC765-D278-420D-8E10-E408ACF1067A}.Release|x86.ActiveCfg = Release|Any CPU
		{1AE03E84-CD2E-4F67-B953-6D3CEE410315}.Debug|Any CPU.ActiveCfg = Debug|Any CPU
		{1AE03E84-CD2E-4F67-B953-6D3CEE410315}.Debug|Any CPU.Build.0 = Debug|Any CPU
		{1AE03E84-CD2E-4F67-B953-6D3CEE410315}.Debug|Mixed Platforms.ActiveCfg = Debug|Any CPU
		{1AE03E84-CD2E-4F67-B953-6D3CEE410315}.Debug|Mixed Platforms.Build.0 = Debug|Any CPU
		{1AE03E84-CD2E-4F67-B953-6D3CEE410315}.Debug|x86.ActiveCfg = Debug|Any CPU
		{1AE03E84-CD2E-4F67-B953-6D3CEE410315}.Release|Any CPU.ActiveCfg = Release|Any CPU
		{1AE03E84-CD2E-4F67-B953-6D3CEE410315}.Release|Any CPU.Build.0 = Release|Any CPU
		{1AE03E84-CD2E-4F67-B953-6D3CEE410315}.Release|Mixed Platforms.ActiveCfg = Release|Any CPU
		{1AE03E84-CD2E-4F67-B953-6D3CEE410315}.Release|Mixed Platforms.Build.0 = Release|Any CPU
		{1AE03E84-CD2E-4F67-B953-6D3CEE410315}.Release|x86.ActiveCfg = Release|Any CPU
		{C24D4710-ABF8-48AC-BA22-E6BE75E50EAD}.Debug|Any CPU.ActiveCfg = Debug|x86
		{C24D4710-ABF8-48AC-BA22-E6BE75E50EAD}.Debug|Mixed Platforms.ActiveCfg = Debug|x86
		{C24D4710-ABF8-48AC-BA22-E6BE75E50EAD}.Debug|Mixed Platforms.Build.0 = Debug|x86
		{C24D4710-ABF8-48AC-BA22-E6BE75E50EAD}.Debug|x86.ActiveCfg = Debug|x86
		{C24D4710-ABF8-48AC-BA22-E6BE75E50EAD}.Debug|x86.Build.0 = Debug|x86
		{C24D4710-ABF8-48AC-BA22-E6BE75E50EAD}.Release|Any CPU.ActiveCfg = Release|x86
		{C24D4710-ABF8-48AC-BA22-E6BE75E50EAD}.Release|Mixed Platforms.ActiveCfg = Release|x86
		{C24D4710-ABF8-48AC-BA22-E6BE75E50EAD}.Release|Mixed Platforms.Build.0 = Release|x86
		{C24D4710-ABF8-48AC-BA22-E6BE75E50EAD}.Release|x86.ActiveCfg = Release|x86
		{C24D4710-ABF8-48AC-BA22-E6BE75E50EAD}.Release|x86.Build.0 = Release|x86
		{F4E6707A-1B29-4F36-A5B8-92C8BAE0FF3F}.Debug|Any CPU.ActiveCfg = Debug|Any CPU
		{F4E6707A-1B29-4F36-A5B8-92C8BAE0FF3F}.Debug|Any CPU.Build.0 = Debug|Any CPU
		{F4E6707A-1B29-4F36-A5B8-92C8BAE0FF3F}.Debug|Mixed Platforms.ActiveCfg = Debug|Any CPU
		{F4E6707A-1B29-4F36-A5B8-92C8BAE0FF3F}.Debug|Mixed Platforms.Build.0 = Debug|Any CPU
		{F4E6707A-1B29-4F36-A5B8-92C8BAE0FF3F}.Debug|x86.ActiveCfg = Debug|Any CPU
		{F4E6707A-1B29-4F36-A5B8-92C8BAE0FF3F}.Release|Any CPU.ActiveCfg = Release|Any CPU
		{F4E6707A-1B29-4F36-A5B8-92C8BAE0FF3F}.Release|Any CPU.Build.0 = Release|Any CPU
		{F4E6707A-1B29-4F36-A5B8-92C8BAE0FF3F}.Release|Mixed Platforms.ActiveCfg = Release|Any CPU
		{F4E6707A-1B29-4F36-A5B8-92C8BAE0FF3F}.Release|Mixed Platforms.Build.0 = Release|Any CPU
		{F4E6707A-1B29-4F36-A5B8-92C8BAE0FF3F}.Release|x86.ActiveCfg = Release|Any CPU
		{B32C1509-3952-4492-B097-6886CEC675FB}.Debug|Any CPU.ActiveCfg = Debug|Any CPU
		{B32C1509-3952-4492-B097-6886CEC675FB}.Debug|Any CPU.Build.0 = Debug|Any CPU
		{B32C1509-3952-4492-B097-6886CEC675FB}.Debug|Mixed Platforms.ActiveCfg = Debug|Any CPU
		{B32C1509-3952-4492-B097-6886CEC675FB}.Debug|Mixed Platforms.Build.0 = Debug|Any CPU
		{B32C1509-3952-4492-B097-6886CEC675FB}.Debug|x86.ActiveCfg = Debug|Any CPU
		{B32C1509-3952-4492-B097-6886CEC675FB}.Release|Any CPU.ActiveCfg = Release|Any CPU
		{B32C1509-3952-4492-B097-6886CEC675FB}.Release|Any CPU.Build.0 = Release|Any CPU
		{B32C1509-3952-4492-B097-6886CEC675FB}.Release|Mixed Platforms.ActiveCfg = Release|Any CPU
		{B32C1509-3952-4492-B097-6886CEC675FB}.Release|Mixed Platforms.Build.0 = Release|Any CPU
		{B32C1509-3952-4492-B097-6886CEC675FB}.Release|x86.ActiveCfg = Release|Any CPU
		{FCBD2200-2998-4A52-8D49-FC17F21A4750}.Debug|Any CPU.ActiveCfg = Debug|Any CPU
		{FCBD2200-2998-4A52-8D49-FC17F21A4750}.Debug|Any CPU.Build.0 = Debug|Any CPU
		{FCBD2200-2998-4A52-8D49-FC17F21A4750}.Debug|Mixed Platforms.ActiveCfg = Debug|Any CPU
		{FCBD2200-2998-4A52-8D49-FC17F21A4750}.Debug|Mixed Platforms.Build.0 = Debug|Any CPU
		{FCBD2200-2998-4A52-8D49-FC17F21A4750}.Debug|x86.ActiveCfg = Debug|Any CPU
		{FCBD2200-2998-4A52-8D49-FC17F21A4750}.Release|Any CPU.ActiveCfg = Release|Any CPU
		{FCBD2200-2998-4A52-8D49-FC17F21A4750}.Release|Any CPU.Build.0 = Release|Any CPU
		{FCBD2200-2998-4A52-8D49-FC17F21A4750}.Release|Mixed Platforms.ActiveCfg = Release|Any CPU
		{FCBD2200-2998-4A52-8D49-FC17F21A4750}.Release|Mixed Platforms.Build.0 = Release|Any CPU
		{FCBD2200-2998-4A52-8D49-FC17F21A4750}.Release|x86.ActiveCfg = Release|Any CPU
		{5891035F-5346-4A15-BB61-09018D5CC4AE}.Debug|Any CPU.ActiveCfg = Debug|Any CPU
		{5891035F-5346-4A15-BB61-09018D5CC4AE}.Debug|Any CPU.Build.0 = Debug|Any CPU
		{5891035F-5346-4A15-BB61-09018D5CC4AE}.Debug|Mixed Platforms.ActiveCfg = Debug|Any CPU
		{5891035F-5346-4A15-BB61-09018D5CC4AE}.Debug|Mixed Platforms.Build.0 = Debug|Any CPU
		{5891035F-5346-4A15-BB61-09018D5CC4AE}.Debug|x86.ActiveCfg = Debug|Any CPU
		{5891035F-5346-4A15-BB61-09018D5CC4AE}.Release|Any CPU.ActiveCfg = Release|Any CPU
		{5891035F-5346-4A15-BB61-09018D5CC4AE}.Release|Any CPU.Build.0 = Release|Any CPU
		{5891035F-5346-4A15-BB61-09018D5CC4AE}.Release|Mixed Platforms.ActiveCfg = Release|Any CPU
		{5891035F-5346-4A15-BB61-09018D5CC4AE}.Release|Mixed Platforms.Build.0 = Release|Any CPU
		{5891035F-5346-4A15-BB61-09018D5CC4AE}.Release|x86.ActiveCfg = Release|Any CPU
		{42F57394-8F3E-47E7-B1E6-ACDEA505AF23}.Debug|Any CPU.ActiveCfg = Debug|Any CPU
		{42F57394-8F3E-47E7-B1E6-ACDEA505AF23}.Debug|Any CPU.Build.0 = Debug|Any CPU
		{42F57394-8F3E-47E7-B1E6-ACDEA505AF23}.Debug|Mixed Platforms.ActiveCfg = Debug|Any CPU
		{42F57394-8F3E-47E7-B1E6-ACDEA505AF23}.Debug|Mixed Platforms.Build.0 = Debug|Any CPU
		{42F57394-8F3E-47E7-B1E6-ACDEA505AF23}.Debug|x86.ActiveCfg = Debug|Any CPU
		{42F57394-8F3E-47E7-B1E6-ACDEA505AF23}.Release|Any CPU.ActiveCfg = Release|Any CPU
		{42F57394-8F3E-47E7-B1E6-ACDEA505AF23}.Release|Any CPU.Build.0 = Release|Any CPU
		{42F57394-8F3E-47E7-B1E6-ACDEA505AF23}.Release|Mixed Platforms.ActiveCfg = Release|Any CPU
		{42F57394-8F3E-47E7-B1E6-ACDEA505AF23}.Release|Mixed Platforms.Build.0 = Release|Any CPU
		{42F57394-8F3E-47E7-B1E6-ACDEA505AF23}.Release|x86.ActiveCfg = Release|Any CPU
		{CBA39921-3716-4CBE-8742-086727D383B0}.Debug|Any CPU.ActiveCfg = Debug|Any CPU
		{CBA39921-3716-4CBE-8742-086727D383B0}.Debug|Any CPU.Build.0 = Debug|Any CPU
		{CBA39921-3716-4CBE-8742-086727D383B0}.Debug|Mixed Platforms.ActiveCfg = Debug|Any CPU
		{CBA39921-3716-4CBE-8742-086727D383B0}.Debug|Mixed Platforms.Build.0 = Debug|Any CPU
		{CBA39921-3716-4CBE-8742-086727D383B0}.Debug|x86.ActiveCfg = Debug|Any CPU
		{CBA39921-3716-4CBE-8742-086727D383B0}.Release|Any CPU.ActiveCfg = Release|Any CPU
		{CBA39921-3716-4CBE-8742-086727D383B0}.Release|Any CPU.Build.0 = Release|Any CPU
		{CBA39921-3716-4CBE-8742-086727D383B0}.Release|Mixed Platforms.ActiveCfg = Release|Any CPU
		{CBA39921-3716-4CBE-8742-086727D383B0}.Release|Mixed Platforms.Build.0 = Release|Any CPU
		{CBA39921-3716-4CBE-8742-086727D383B0}.Release|x86.ActiveCfg = Release|Any CPU
		{6C9E0C6C-4E2B-40A1-8413-980538762DDE}.Debug|Any CPU.ActiveCfg = Debug|Any CPU
		{6C9E0C6C-4E2B-40A1-8413-980538762DDE}.Debug|Any CPU.Build.0 = Debug|Any CPU
		{6C9E0C6C-4E2B-40A1-8413-980538762DDE}.Debug|Mixed Platforms.ActiveCfg = Debug|Any CPU
		{6C9E0C6C-4E2B-40A1-8413-980538762DDE}.Debug|Mixed Platforms.Build.0 = Debug|Any CPU
		{6C9E0C6C-4E2B-40A1-8413-980538762DDE}.Debug|x86.ActiveCfg = Debug|Any CPU
		{6C9E0C6C-4E2B-40A1-8413-980538762DDE}.Release|Any CPU.ActiveCfg = Release|Any CPU
		{6C9E0C6C-4E2B-40A1-8413-980538762DDE}.Release|Any CPU.Build.0 = Release|Any CPU
		{6C9E0C6C-4E2B-40A1-8413-980538762DDE}.Release|Mixed Platforms.ActiveCfg = Release|Any CPU
		{6C9E0C6C-4E2B-40A1-8413-980538762DDE}.Release|Mixed Platforms.Build.0 = Release|Any CPU
		{6C9E0C6C-4E2B-40A1-8413-980538762DDE}.Release|x86.ActiveCfg = Release|Any CPU
		{B08F87E7-B580-4E42-BAF0-7F8233153230}.Debug|Any CPU.ActiveCfg = Debug|Any CPU
		{B08F87E7-B580-4E42-BAF0-7F8233153230}.Debug|Any CPU.Build.0 = Debug|Any CPU
		{B08F87E7-B580-4E42-BAF0-7F8233153230}.Debug|Mixed Platforms.ActiveCfg = Debug|Any CPU
		{B08F87E7-B580-4E42-BAF0-7F8233153230}.Debug|Mixed Platforms.Build.0 = Debug|Any CPU
		{B08F87E7-B580-4E42-BAF0-7F8233153230}.Debug|x86.ActiveCfg = Debug|Any CPU
		{B08F87E7-B580-4E42-BAF0-7F8233153230}.Release|Any CPU.ActiveCfg = Release|Any CPU
		{B08F87E7-B580-4E42-BAF0-7F8233153230}.Release|Any CPU.Build.0 = Release|Any CPU
		{B08F87E7-B580-4E42-BAF0-7F8233153230}.Release|Mixed Platforms.ActiveCfg = Release|Any CPU
		{B08F87E7-B580-4E42-BAF0-7F8233153230}.Release|Mixed Platforms.Build.0 = Release|Any CPU
		{B08F87E7-B580-4E42-BAF0-7F8233153230}.Release|x86.ActiveCfg = Release|Any CPU
		{10B17C1A-69EC-4A58-904F-16037427DC03}.Debug|Any CPU.ActiveCfg = Debug|Any CPU
		{10B17C1A-69EC-4A58-904F-16037427DC03}.Debug|Any CPU.Build.0 = Debug|Any CPU
		{10B17C1A-69EC-4A58-904F-16037427DC03}.Debug|Mixed Platforms.ActiveCfg = Debug|Any CPU
		{10B17C1A-69EC-4A58-904F-16037427DC03}.Debug|Mixed Platforms.Build.0 = Debug|Any CPU
		{10B17C1A-69EC-4A58-904F-16037427DC03}.Debug|x86.ActiveCfg = Debug|Any CPU
		{10B17C1A-69EC-4A58-904F-16037427DC03}.Debug|x86.Build.0 = Debug|Any CPU
		{10B17C1A-69EC-4A58-904F-16037427DC03}.Release|Any CPU.ActiveCfg = Release|Any CPU
		{10B17C1A-69EC-4A58-904F-16037427DC03}.Release|Any CPU.Build.0 = Release|Any CPU
		{10B17C1A-69EC-4A58-904F-16037427DC03}.Release|Mixed Platforms.ActiveCfg = Release|Any CPU
		{10B17C1A-69EC-4A58-904F-16037427DC03}.Release|Mixed Platforms.Build.0 = Release|Any CPU
		{10B17C1A-69EC-4A58-904F-16037427DC03}.Release|x86.ActiveCfg = Release|Any CPU
		{10B17C1A-69EC-4A58-904F-16037427DC03}.Release|x86.Build.0 = Release|Any CPU
		{CF45DA9F-F4B9-46B7-AD11-FA36AF2BF399}.Debug|Any CPU.ActiveCfg = Debug|Any CPU
		{CF45DA9F-F4B9-46B7-AD11-FA36AF2BF399}.Debug|Any CPU.Build.0 = Debug|Any CPU
		{CF45DA9F-F4B9-46B7-AD11-FA36AF2BF399}.Debug|Mixed Platforms.ActiveCfg = Debug|Any CPU
		{CF45DA9F-F4B9-46B7-AD11-FA36AF2BF399}.Debug|Mixed Platforms.Build.0 = Debug|Any CPU
		{CF45DA9F-F4B9-46B7-AD11-FA36AF2BF399}.Debug|x86.ActiveCfg = Debug|Any CPU
		{CF45DA9F-F4B9-46B7-AD11-FA36AF2BF399}.Debug|x86.Build.0 = Debug|Any CPU
		{CF45DA9F-F4B9-46B7-AD11-FA36AF2BF399}.Release|Any CPU.ActiveCfg = Release|Any CPU
		{CF45DA9F-F4B9-46B7-AD11-FA36AF2BF399}.Release|Any CPU.Build.0 = Release|Any CPU
		{CF45DA9F-F4B9-46B7-AD11-FA36AF2BF399}.Release|Mixed Platforms.ActiveCfg = Release|Any CPU
		{CF45DA9F-F4B9-46B7-AD11-FA36AF2BF399}.Release|Mixed Platforms.Build.0 = Release|Any CPU
		{CF45DA9F-F4B9-46B7-AD11-FA36AF2BF399}.Release|x86.ActiveCfg = Release|Any CPU
		{CF45DA9F-F4B9-46B7-AD11-FA36AF2BF399}.Release|x86.Build.0 = Release|Any CPU
		{47C0AB15-28EC-44A5-98AE-11342818567D}.Debug|Any CPU.ActiveCfg = Debug|Any CPU
		{47C0AB15-28EC-44A5-98AE-11342818567D}.Debug|Any CPU.Build.0 = Debug|Any CPU
		{47C0AB15-28EC-44A5-98AE-11342818567D}.Debug|Mixed Platforms.ActiveCfg = Debug|Any CPU
		{47C0AB15-28EC-44A5-98AE-11342818567D}.Debug|Mixed Platforms.Build.0 = Debug|Any CPU
		{47C0AB15-28EC-44A5-98AE-11342818567D}.Debug|x86.ActiveCfg = Debug|Any CPU
		{47C0AB15-28EC-44A5-98AE-11342818567D}.Debug|x86.Build.0 = Debug|Any CPU
		{47C0AB15-28EC-44A5-98AE-11342818567D}.Release|Any CPU.ActiveCfg = Release|Any CPU
		{47C0AB15-28EC-44A5-98AE-11342818567D}.Release|Any CPU.Build.0 = Release|Any CPU
		{47C0AB15-28EC-44A5-98AE-11342818567D}.Release|Mixed Platforms.ActiveCfg = Release|Any CPU
		{47C0AB15-28EC-44A5-98AE-11342818567D}.Release|Mixed Platforms.Build.0 = Release|Any CPU
		{47C0AB15-28EC-44A5-98AE-11342818567D}.Release|x86.ActiveCfg = Release|Any CPU
		{47C0AB15-28EC-44A5-98AE-11342818567D}.Release|x86.Build.0 = Release|Any CPU
		{439276D9-0416-42B3-941A-B1D1000595BA}.Debug|Any CPU.ActiveCfg = Debug|Any CPU
		{439276D9-0416-42B3-941A-B1D1000595BA}.Debug|Any CPU.Build.0 = Debug|Any CPU
		{439276D9-0416-42B3-941A-B1D1000595BA}.Debug|Mixed Platforms.ActiveCfg = Debug|Any CPU
		{439276D9-0416-42B3-941A-B1D1000595BA}.Debug|Mixed Platforms.Build.0 = Debug|Any CPU
		{439276D9-0416-42B3-941A-B1D1000595BA}.Debug|x86.ActiveCfg = Debug|Any CPU
		{439276D9-0416-42B3-941A-B1D1000595BA}.Debug|x86.Build.0 = Debug|Any CPU
		{439276D9-0416-42B3-941A-B1D1000595BA}.Release|Any CPU.ActiveCfg = Release|Any CPU
		{439276D9-0416-42B3-941A-B1D1000595BA}.Release|Any CPU.Build.0 = Release|Any CPU
		{439276D9-0416-42B3-941A-B1D1000595BA}.Release|Mixed Platforms.ActiveCfg = Release|Any CPU
		{439276D9-0416-42B3-941A-B1D1000595BA}.Release|Mixed Platforms.Build.0 = Release|Any CPU
		{439276D9-0416-42B3-941A-B1D1000595BA}.Release|x86.ActiveCfg = Release|Any CPU
		{439276D9-0416-42B3-941A-B1D1000595BA}.Release|x86.Build.0 = Release|Any CPU
		{685BC077-2B9F-416C-83A6-2F449319A25D}.Debug|Any CPU.ActiveCfg = Debug|Any CPU
		{685BC077-2B9F-416C-83A6-2F449319A25D}.Debug|Any CPU.Build.0 = Debug|Any CPU
		{685BC077-2B9F-416C-83A6-2F449319A25D}.Debug|Mixed Platforms.ActiveCfg = Debug|Any CPU
		{685BC077-2B9F-416C-83A6-2F449319A25D}.Debug|Mixed Platforms.Build.0 = Debug|Any CPU
		{685BC077-2B9F-416C-83A6-2F449319A25D}.Debug|x86.ActiveCfg = Debug|Any CPU
		{685BC077-2B9F-416C-83A6-2F449319A25D}.Debug|x86.Build.0 = Debug|Any CPU
		{685BC077-2B9F-416C-83A6-2F449319A25D}.Release|Any CPU.ActiveCfg = Release|Any CPU
		{685BC077-2B9F-416C-83A6-2F449319A25D}.Release|Any CPU.Build.0 = Release|Any CPU
		{685BC077-2B9F-416C-83A6-2F449319A25D}.Release|Mixed Platforms.ActiveCfg = Release|Any CPU
		{685BC077-2B9F-416C-83A6-2F449319A25D}.Release|Mixed Platforms.Build.0 = Release|Any CPU
		{685BC077-2B9F-416C-83A6-2F449319A25D}.Release|x86.ActiveCfg = Release|Any CPU
		{685BC077-2B9F-416C-83A6-2F449319A25D}.Release|x86.Build.0 = Release|Any CPU
		{C2E611CF-808C-4F25-9619-3247E02BB2F9}.Debug|Any CPU.ActiveCfg = Debug|x86
		{C2E611CF-808C-4F25-9619-3247E02BB2F9}.Debug|Mixed Platforms.ActiveCfg = Debug|x86
		{C2E611CF-808C-4F25-9619-3247E02BB2F9}.Debug|Mixed Platforms.Build.0 = Debug|x86
		{C2E611CF-808C-4F25-9619-3247E02BB2F9}.Debug|x86.ActiveCfg = Debug|x86
		{C2E611CF-808C-4F25-9619-3247E02BB2F9}.Debug|x86.Build.0 = Debug|x86
		{C2E611CF-808C-4F25-9619-3247E02BB2F9}.Release|Any CPU.ActiveCfg = Release|x86
		{C2E611CF-808C-4F25-9619-3247E02BB2F9}.Release|Mixed Platforms.ActiveCfg = Release|x86
		{C2E611CF-808C-4F25-9619-3247E02BB2F9}.Release|Mixed Platforms.Build.0 = Release|x86
		{C2E611CF-808C-4F25-9619-3247E02BB2F9}.Release|x86.ActiveCfg = Release|x86
		{C2E611CF-808C-4F25-9619-3247E02BB2F9}.Release|x86.Build.0 = Release|x86
		{96B57E0C-238A-404F-8D79-A5918DF86DDF}.Debug|Any CPU.ActiveCfg = Debug|Any CPU
		{96B57E0C-238A-404F-8D79-A5918DF86DDF}.Debug|Any CPU.Build.0 = Debug|Any CPU
		{96B57E0C-238A-404F-8D79-A5918DF86DDF}.Debug|Mixed Platforms.ActiveCfg = Debug|Any CPU
		{96B57E0C-238A-404F-8D79-A5918DF86DDF}.Debug|Mixed Platforms.Build.0 = Debug|Any CPU
		{96B57E0C-238A-404F-8D79-A5918DF86DDF}.Debug|x86.ActiveCfg = Debug|Any CPU
		{96B57E0C-238A-404F-8D79-A5918DF86DDF}.Debug|x86.Build.0 = Debug|Any CPU
		{96B57E0C-238A-404F-8D79-A5918DF86DDF}.Release|Any CPU.ActiveCfg = Release|Any CPU
		{96B57E0C-238A-404F-8D79-A5918DF86DDF}.Release|Any CPU.Build.0 = Release|Any CPU
		{96B57E0C-238A-404F-8D79-A5918DF86DDF}.Release|Mixed Platforms.ActiveCfg = Release|Any CPU
		{96B57E0C-238A-404F-8D79-A5918DF86DDF}.Release|Mixed Platforms.Build.0 = Release|Any CPU
		{96B57E0C-238A-404F-8D79-A5918DF86DDF}.Release|x86.ActiveCfg = Release|Any CPU
		{96B57E0C-238A-404F-8D79-A5918DF86DDF}.Release|x86.Build.0 = Release|Any CPU
		{36EC756C-C890-45AE-9289-E1068B388B58}.Debug|Any CPU.ActiveCfg = Debug|Any CPU
		{36EC756C-C890-45AE-9289-E1068B388B58}.Debug|Any CPU.Build.0 = Debug|Any CPU
		{36EC756C-C890-45AE-9289-E1068B388B58}.Debug|Mixed Platforms.ActiveCfg = Debug|Any CPU
		{36EC756C-C890-45AE-9289-E1068B388B58}.Debug|Mixed Platforms.Build.0 = Debug|Any CPU
		{36EC756C-C890-45AE-9289-E1068B388B58}.Debug|x86.ActiveCfg = Debug|Any CPU
		{36EC756C-C890-45AE-9289-E1068B388B58}.Debug|x86.Build.0 = Debug|Any CPU
		{36EC756C-C890-45AE-9289-E1068B388B58}.Release|Any CPU.ActiveCfg = Release|Any CPU
		{36EC756C-C890-45AE-9289-E1068B388B58}.Release|Any CPU.Build.0 = Release|Any CPU
		{36EC756C-C890-45AE-9289-E1068B388B58}.Release|Mixed Platforms.ActiveCfg = Release|Any CPU
		{36EC756C-C890-45AE-9289-E1068B388B58}.Release|Mixed Platforms.Build.0 = Release|Any CPU
		{36EC756C-C890-45AE-9289-E1068B388B58}.Release|x86.ActiveCfg = Release|Any CPU
		{36EC756C-C890-45AE-9289-E1068B388B58}.Release|x86.Build.0 = Release|Any CPU
		{5D5CA52C-800C-4F36-9283-0F95D87126ED}.Debug|Any CPU.ActiveCfg = Debug|Any CPU
		{5D5CA52C-800C-4F36-9283-0F95D87126ED}.Debug|Any CPU.Build.0 = Debug|Any CPU
		{5D5CA52C-800C-4F36-9283-0F95D87126ED}.Debug|Mixed Platforms.ActiveCfg = Debug|Any CPU
		{5D5CA52C-800C-4F36-9283-0F95D87126ED}.Debug|Mixed Platforms.Build.0 = Debug|Any CPU
		{5D5CA52C-800C-4F36-9283-0F95D87126ED}.Debug|x86.ActiveCfg = Debug|Any CPU
		{5D5CA52C-800C-4F36-9283-0F95D87126ED}.Debug|x86.Build.0 = Debug|Any CPU
		{5D5CA52C-800C-4F36-9283-0F95D87126ED}.Release|Any CPU.ActiveCfg = Release|Any CPU
		{5D5CA52C-800C-4F36-9283-0F95D87126ED}.Release|Any CPU.Build.0 = Release|Any CPU
		{5D5CA52C-800C-4F36-9283-0F95D87126ED}.Release|Mixed Platforms.ActiveCfg = Release|Any CPU
		{5D5CA52C-800C-4F36-9283-0F95D87126ED}.Release|Mixed Platforms.Build.0 = Release|Any CPU
		{5D5CA52C-800C-4F36-9283-0F95D87126ED}.Release|x86.ActiveCfg = Release|Any CPU
		{5D5CA52C-800C-4F36-9283-0F95D87126ED}.Release|x86.Build.0 = Release|Any CPU
		{DFAD184E-2C98-4E34-AE8D-7BD0EC677F12}.Debug|Any CPU.ActiveCfg = Debug|Any CPU
		{DFAD184E-2C98-4E34-AE8D-7BD0EC677F12}.Debug|Any CPU.Build.0 = Debug|Any CPU
		{DFAD184E-2C98-4E34-AE8D-7BD0EC677F12}.Debug|Mixed Platforms.ActiveCfg = Debug|Any CPU
		{DFAD184E-2C98-4E34-AE8D-7BD0EC677F12}.Debug|Mixed Platforms.Build.0 = Debug|Any CPU
		{DFAD184E-2C98-4E34-AE8D-7BD0EC677F12}.Debug|x86.ActiveCfg = Debug|Any CPU
		{DFAD184E-2C98-4E34-AE8D-7BD0EC677F12}.Debug|x86.Build.0 = Debug|Any CPU
		{DFAD184E-2C98-4E34-AE8D-7BD0EC677F12}.Release|Any CPU.ActiveCfg = Release|Any CPU
		{DFAD184E-2C98-4E34-AE8D-7BD0EC677F12}.Release|Any CPU.Build.0 = Release|Any CPU
		{DFAD184E-2C98-4E34-AE8D-7BD0EC677F12}.Release|Mixed Platforms.ActiveCfg = Release|Any CPU
		{DFAD184E-2C98-4E34-AE8D-7BD0EC677F12}.Release|Mixed Platforms.Build.0 = Release|Any CPU
		{DFAD184E-2C98-4E34-AE8D-7BD0EC677F12}.Release|x86.ActiveCfg = Release|Any CPU
		{DFAD184E-2C98-4E34-AE8D-7BD0EC677F12}.Release|x86.Build.0 = Release|Any CPU
		{2C5E174A-8087-41B1-805C-7D7830EC478A}.Debug|Any CPU.ActiveCfg = Debug|Any CPU
		{2C5E174A-8087-41B1-805C-7D7830EC478A}.Debug|Any CPU.Build.0 = Debug|Any CPU
		{2C5E174A-8087-41B1-805C-7D7830EC478A}.Debug|Mixed Platforms.ActiveCfg = Debug|Any CPU
		{2C5E174A-8087-41B1-805C-7D7830EC478A}.Debug|Mixed Platforms.Build.0 = Debug|Any CPU
		{2C5E174A-8087-41B1-805C-7D7830EC478A}.Debug|x86.ActiveCfg = Debug|Any CPU
		{2C5E174A-8087-41B1-805C-7D7830EC478A}.Debug|x86.Build.0 = Debug|Any CPU
		{2C5E174A-8087-41B1-805C-7D7830EC478A}.Release|Any CPU.ActiveCfg = Release|Any CPU
		{2C5E174A-8087-41B1-805C-7D7830EC478A}.Release|Any CPU.Build.0 = Release|Any CPU
		{2C5E174A-8087-41B1-805C-7D7830EC478A}.Release|Mixed Platforms.ActiveCfg = Release|Any CPU
		{2C5E174A-8087-41B1-805C-7D7830EC478A}.Release|Mixed Platforms.Build.0 = Release|Any CPU
		{2C5E174A-8087-41B1-805C-7D7830EC478A}.Release|x86.ActiveCfg = Release|Any CPU
		{2C5E174A-8087-41B1-805C-7D7830EC478A}.Release|x86.Build.0 = Release|Any CPU
		{B06CE9EC-C799-47B1-AFCD-F10681F53B61}.Debug|Any CPU.ActiveCfg = Debug|Any CPU
		{B06CE9EC-C799-47B1-AFCD-F10681F53B61}.Debug|Any CPU.Build.0 = Debug|Any CPU
		{B06CE9EC-C799-47B1-AFCD-F10681F53B61}.Debug|Mixed Platforms.ActiveCfg = Debug|Any CPU
		{B06CE9EC-C799-47B1-AFCD-F10681F53B61}.Debug|Mixed Platforms.Build.0 = Debug|Any CPU
		{B06CE9EC-C799-47B1-AFCD-F10681F53B61}.Debug|x86.ActiveCfg = Debug|Any CPU
		{B06CE9EC-C799-47B1-AFCD-F10681F53B61}.Debug|x86.Build.0 = Debug|Any CPU
		{B06CE9EC-C799-47B1-AFCD-F10681F53B61}.Release|Any CPU.ActiveCfg = Release|Any CPU
		{B06CE9EC-C799-47B1-AFCD-F10681F53B61}.Release|Any CPU.Build.0 = Release|Any CPU
		{B06CE9EC-C799-47B1-AFCD-F10681F53B61}.Release|Mixed Platforms.ActiveCfg = Release|Any CPU
		{B06CE9EC-C799-47B1-AFCD-F10681F53B61}.Release|Mixed Platforms.Build.0 = Release|Any CPU
		{B06CE9EC-C799-47B1-AFCD-F10681F53B61}.Release|x86.ActiveCfg = Release|Any CPU
		{B06CE9EC-C799-47B1-AFCD-F10681F53B61}.Release|x86.Build.0 = Release|Any CPU
		{C47460D1-131E-4467-B8CC-02056D3D2652}.Debug|Any CPU.ActiveCfg = Debug|Any CPU
		{C47460D1-131E-4467-B8CC-02056D3D2652}.Debug|Any CPU.Build.0 = Debug|Any CPU
		{C47460D1-131E-4467-B8CC-02056D3D2652}.Debug|Mixed Platforms.ActiveCfg = Debug|Any CPU
		{C47460D1-131E-4467-B8CC-02056D3D2652}.Debug|Mixed Platforms.Build.0 = Debug|Any CPU
		{C47460D1-131E-4467-B8CC-02056D3D2652}.Debug|x86.ActiveCfg = Debug|Any CPU
		{C47460D1-131E-4467-B8CC-02056D3D2652}.Debug|x86.Build.0 = Debug|Any CPU
		{C47460D1-131E-4467-B8CC-02056D3D2652}.Release|Any CPU.ActiveCfg = Release|Any CPU
		{C47460D1-131E-4467-B8CC-02056D3D2652}.Release|Any CPU.Build.0 = Release|Any CPU
		{C47460D1-131E-4467-B8CC-02056D3D2652}.Release|Mixed Platforms.ActiveCfg = Release|Any CPU
		{C47460D1-131E-4467-B8CC-02056D3D2652}.Release|Mixed Platforms.Build.0 = Release|Any CPU
		{C47460D1-131E-4467-B8CC-02056D3D2652}.Release|x86.ActiveCfg = Release|Any CPU
		{C47460D1-131E-4467-B8CC-02056D3D2652}.Release|x86.Build.0 = Release|Any CPU
		{85C320D4-7F57-4702-8324-73B71B209FF9}.Debug|Any CPU.ActiveCfg = Debug|Any CPU
		{85C320D4-7F57-4702-8324-73B71B209FF9}.Debug|Any CPU.Build.0 = Debug|Any CPU
		{85C320D4-7F57-4702-8324-73B71B209FF9}.Debug|Mixed Platforms.ActiveCfg = Debug|Any CPU
		{85C320D4-7F57-4702-8324-73B71B209FF9}.Debug|Mixed Platforms.Build.0 = Debug|Any CPU
		{85C320D4-7F57-4702-8324-73B71B209FF9}.Debug|x86.ActiveCfg = Debug|Any CPU
		{85C320D4-7F57-4702-8324-73B71B209FF9}.Debug|x86.Build.0 = Debug|Any CPU
		{85C320D4-7F57-4702-8324-73B71B209FF9}.Release|Any CPU.ActiveCfg = Release|Any CPU
		{85C320D4-7F57-4702-8324-73B71B209FF9}.Release|Any CPU.Build.0 = Release|Any CPU
		{85C320D4-7F57-4702-8324-73B71B209FF9}.Release|Mixed Platforms.ActiveCfg = Release|Any CPU
		{85C320D4-7F57-4702-8324-73B71B209FF9}.Release|Mixed Platforms.Build.0 = Release|Any CPU
		{85C320D4-7F57-4702-8324-73B71B209FF9}.Release|x86.ActiveCfg = Release|Any CPU
		{85C320D4-7F57-4702-8324-73B71B209FF9}.Release|x86.Build.0 = Release|Any CPU
		{1DD6AC74-FACD-46CA-A8FB-0E39653A2B2E}.Debug|Any CPU.ActiveCfg = Debug|Any CPU
		{1DD6AC74-FACD-46CA-A8FB-0E39653A2B2E}.Debug|Any CPU.Build.0 = Debug|Any CPU
		{1DD6AC74-FACD-46CA-A8FB-0E39653A2B2E}.Debug|Mixed Platforms.ActiveCfg = Debug|Any CPU
		{1DD6AC74-FACD-46CA-A8FB-0E39653A2B2E}.Debug|Mixed Platforms.Build.0 = Debug|Any CPU
		{1DD6AC74-FACD-46CA-A8FB-0E39653A2B2E}.Debug|x86.ActiveCfg = Debug|Any CPU
		{1DD6AC74-FACD-46CA-A8FB-0E39653A2B2E}.Debug|x86.Build.0 = Debug|Any CPU
		{1DD6AC74-FACD-46CA-A8FB-0E39653A2B2E}.Release|Any CPU.ActiveCfg = Release|Any CPU
		{1DD6AC74-FACD-46CA-A8FB-0E39653A2B2E}.Release|Any CPU.Build.0 = Release|Any CPU
		{1DD6AC74-FACD-46CA-A8FB-0E39653A2B2E}.Release|Mixed Platforms.ActiveCfg = Release|Any CPU
		{1DD6AC74-FACD-46CA-A8FB-0E39653A2B2E}.Release|Mixed Platforms.Build.0 = Release|Any CPU
		{1DD6AC74-FACD-46CA-A8FB-0E39653A2B2E}.Release|x86.ActiveCfg = Release|Any CPU
		{1DD6AC74-FACD-46CA-A8FB-0E39653A2B2E}.Release|x86.Build.0 = Release|Any CPU
		{3A5DA031-BA2D-49A3-A202-06D328D514EA}.Debug|Any CPU.ActiveCfg = Debug|Any CPU
		{3A5DA031-BA2D-49A3-A202-06D328D514EA}.Debug|Any CPU.Build.0 = Debug|Any CPU
		{3A5DA031-BA2D-49A3-A202-06D328D514EA}.Debug|Mixed Platforms.ActiveCfg = Debug|Any CPU
		{3A5DA031-BA2D-49A3-A202-06D328D514EA}.Debug|Mixed Platforms.Build.0 = Debug|Any CPU
		{3A5DA031-BA2D-49A3-A202-06D328D514EA}.Debug|x86.ActiveCfg = Debug|Any CPU
		{3A5DA031-BA2D-49A3-A202-06D328D514EA}.Debug|x86.Build.0 = Debug|Any CPU
		{3A5DA031-BA2D-49A3-A202-06D328D514EA}.Release|Any CPU.ActiveCfg = Release|Any CPU
		{3A5DA031-BA2D-49A3-A202-06D328D514EA}.Release|Any CPU.Build.0 = Release|Any CPU
		{3A5DA031-BA2D-49A3-A202-06D328D514EA}.Release|Mixed Platforms.ActiveCfg = Release|Any CPU
		{3A5DA031-BA2D-49A3-A202-06D328D514EA}.Release|Mixed Platforms.Build.0 = Release|Any CPU
		{3A5DA031-BA2D-49A3-A202-06D328D514EA}.Release|x86.ActiveCfg = Release|Any CPU
		{3A5DA031-BA2D-49A3-A202-06D328D514EA}.Release|x86.Build.0 = Release|Any CPU
		{8522A0F5-87CD-4552-8E7F-FBC196265E8C}.Debug|Any CPU.ActiveCfg = Debug|Any CPU
		{8522A0F5-87CD-4552-8E7F-FBC196265E8C}.Debug|Any CPU.Build.0 = Debug|Any CPU
		{8522A0F5-87CD-4552-8E7F-FBC196265E8C}.Debug|Mixed Platforms.ActiveCfg = Debug|Any CPU
		{8522A0F5-87CD-4552-8E7F-FBC196265E8C}.Debug|Mixed Platforms.Build.0 = Debug|Any CPU
		{8522A0F5-87CD-4552-8E7F-FBC196265E8C}.Debug|x86.ActiveCfg = Debug|Any CPU
		{8522A0F5-87CD-4552-8E7F-FBC196265E8C}.Debug|x86.Build.0 = Debug|Any CPU
		{8522A0F5-87CD-4552-8E7F-FBC196265E8C}.Release|Any CPU.ActiveCfg = Release|Any CPU
		{8522A0F5-87CD-4552-8E7F-FBC196265E8C}.Release|Any CPU.Build.0 = Release|Any CPU
		{8522A0F5-87CD-4552-8E7F-FBC196265E8C}.Release|Mixed Platforms.ActiveCfg = Release|Any CPU
		{8522A0F5-87CD-4552-8E7F-FBC196265E8C}.Release|Mixed Platforms.Build.0 = Release|Any CPU
		{8522A0F5-87CD-4552-8E7F-FBC196265E8C}.Release|x86.ActiveCfg = Release|Any CPU
		{8522A0F5-87CD-4552-8E7F-FBC196265E8C}.Release|x86.Build.0 = Release|Any CPU
		{CB560249-9A5B-42A0-9DB6-8E9165194C6C}.Debug|Any CPU.ActiveCfg = Debug|Any CPU
		{CB560249-9A5B-42A0-9DB6-8E9165194C6C}.Debug|Any CPU.Build.0 = Debug|Any CPU
		{CB560249-9A5B-42A0-9DB6-8E9165194C6C}.Debug|Mixed Platforms.ActiveCfg = Debug|Any CPU
		{CB560249-9A5B-42A0-9DB6-8E9165194C6C}.Debug|Mixed Platforms.Build.0 = Debug|Any CPU
		{CB560249-9A5B-42A0-9DB6-8E9165194C6C}.Debug|x86.ActiveCfg = Debug|Any CPU
		{CB560249-9A5B-42A0-9DB6-8E9165194C6C}.Debug|x86.Build.0 = Debug|Any CPU
		{CB560249-9A5B-42A0-9DB6-8E9165194C6C}.Release|Any CPU.ActiveCfg = Release|Any CPU
		{CB560249-9A5B-42A0-9DB6-8E9165194C6C}.Release|Any CPU.Build.0 = Release|Any CPU
		{CB560249-9A5B-42A0-9DB6-8E9165194C6C}.Release|Mixed Platforms.ActiveCfg = Release|Any CPU
		{CB560249-9A5B-42A0-9DB6-8E9165194C6C}.Release|Mixed Platforms.Build.0 = Release|Any CPU
		{CB560249-9A5B-42A0-9DB6-8E9165194C6C}.Release|x86.ActiveCfg = Release|Any CPU
		{CB560249-9A5B-42A0-9DB6-8E9165194C6C}.Release|x86.Build.0 = Release|Any CPU
		{51C54397-0A93-421D-BFBA-FF920A48C19E}.Debug|Any CPU.ActiveCfg = Debug|Any CPU
		{51C54397-0A93-421D-BFBA-FF920A48C19E}.Debug|Any CPU.Build.0 = Debug|Any CPU
		{51C54397-0A93-421D-BFBA-FF920A48C19E}.Debug|Mixed Platforms.ActiveCfg = Debug|Any CPU
		{51C54397-0A93-421D-BFBA-FF920A48C19E}.Debug|Mixed Platforms.Build.0 = Debug|Any CPU
		{51C54397-0A93-421D-BFBA-FF920A48C19E}.Debug|x86.ActiveCfg = Debug|Any CPU
		{51C54397-0A93-421D-BFBA-FF920A48C19E}.Debug|x86.Build.0 = Debug|Any CPU
		{51C54397-0A93-421D-BFBA-FF920A48C19E}.Release|Any CPU.ActiveCfg = Release|Any CPU
		{51C54397-0A93-421D-BFBA-FF920A48C19E}.Release|Any CPU.Build.0 = Release|Any CPU
		{51C54397-0A93-421D-BFBA-FF920A48C19E}.Release|Mixed Platforms.ActiveCfg = Release|Any CPU
		{51C54397-0A93-421D-BFBA-FF920A48C19E}.Release|Mixed Platforms.Build.0 = Release|Any CPU
		{51C54397-0A93-421D-BFBA-FF920A48C19E}.Release|x86.ActiveCfg = Release|Any CPU
		{51C54397-0A93-421D-BFBA-FF920A48C19E}.Release|x86.Build.0 = Release|Any CPU
		{DAEFE276-BFF4-45F6-AA22-413528E44998}.Debug|Any CPU.ActiveCfg = Debug|Any CPU
		{DAEFE276-BFF4-45F6-AA22-413528E44998}.Debug|Any CPU.Build.0 = Debug|Any CPU
		{DAEFE276-BFF4-45F6-AA22-413528E44998}.Debug|Mixed Platforms.ActiveCfg = Debug|Any CPU
		{DAEFE276-BFF4-45F6-AA22-413528E44998}.Debug|Mixed Platforms.Build.0 = Debug|Any CPU
		{DAEFE276-BFF4-45F6-AA22-413528E44998}.Debug|x86.ActiveCfg = Debug|Any CPU
		{DAEFE276-BFF4-45F6-AA22-413528E44998}.Debug|x86.Build.0 = Debug|Any CPU
		{DAEFE276-BFF4-45F6-AA22-413528E44998}.Release|Any CPU.ActiveCfg = Release|Any CPU
		{DAEFE276-BFF4-45F6-AA22-413528E44998}.Release|Any CPU.Build.0 = Release|Any CPU
		{DAEFE276-BFF4-45F6-AA22-413528E44998}.Release|Mixed Platforms.ActiveCfg = Release|Any CPU
		{DAEFE276-BFF4-45F6-AA22-413528E44998}.Release|Mixed Platforms.Build.0 = Release|Any CPU
		{DAEFE276-BFF4-45F6-AA22-413528E44998}.Release|x86.ActiveCfg = Release|Any CPU
		{DAEFE276-BFF4-45F6-AA22-413528E44998}.Release|x86.Build.0 = Release|Any CPU
		{9F033655-BF47-440E-90F6-B72886A2EBAA}.Debug|Any CPU.ActiveCfg = Debug|Any CPU
		{9F033655-BF47-440E-90F6-B72886A2EBAA}.Debug|Any CPU.Build.0 = Debug|Any CPU
		{9F033655-BF47-440E-90F6-B72886A2EBAA}.Debug|Mixed Platforms.ActiveCfg = Debug|Any CPU
		{9F033655-BF47-440E-90F6-B72886A2EBAA}.Debug|Mixed Platforms.Build.0 = Debug|Any CPU
		{9F033655-BF47-440E-90F6-B72886A2EBAA}.Debug|x86.ActiveCfg = Debug|Any CPU
		{9F033655-BF47-440E-90F6-B72886A2EBAA}.Debug|x86.Build.0 = Debug|Any CPU
		{9F033655-BF47-440E-90F6-B72886A2EBAA}.Release|Any CPU.ActiveCfg = Release|Any CPU
		{9F033655-BF47-440E-90F6-B72886A2EBAA}.Release|Any CPU.Build.0 = Release|Any CPU
		{9F033655-BF47-440E-90F6-B72886A2EBAA}.Release|Mixed Platforms.ActiveCfg = Release|Any CPU
		{9F033655-BF47-440E-90F6-B72886A2EBAA}.Release|Mixed Platforms.Build.0 = Release|Any CPU
		{9F033655-BF47-440E-90F6-B72886A2EBAA}.Release|x86.ActiveCfg = Release|Any CPU
		{9F033655-BF47-440E-90F6-B72886A2EBAA}.Release|x86.Build.0 = Release|Any CPU
		{A0BBAE30-DDF5-4852-AD81-03F8F30BA97A}.Debug|Any CPU.ActiveCfg = Debug|Any CPU
		{A0BBAE30-DDF5-4852-AD81-03F8F30BA97A}.Debug|Any CPU.Build.0 = Debug|Any CPU
		{A0BBAE30-DDF5-4852-AD81-03F8F30BA97A}.Debug|Mixed Platforms.ActiveCfg = Debug|Any CPU
		{A0BBAE30-DDF5-4852-AD81-03F8F30BA97A}.Debug|Mixed Platforms.Build.0 = Debug|Any CPU
		{A0BBAE30-DDF5-4852-AD81-03F8F30BA97A}.Debug|x86.ActiveCfg = Debug|Any CPU
		{A0BBAE30-DDF5-4852-AD81-03F8F30BA97A}.Debug|x86.Build.0 = Debug|Any CPU
		{A0BBAE30-DDF5-4852-AD81-03F8F30BA97A}.Release|Any CPU.ActiveCfg = Release|Any CPU
		{A0BBAE30-DDF5-4852-AD81-03F8F30BA97A}.Release|Any CPU.Build.0 = Release|Any CPU
		{A0BBAE30-DDF5-4852-AD81-03F8F30BA97A}.Release|Mixed Platforms.ActiveCfg = Release|Any CPU
		{A0BBAE30-DDF5-4852-AD81-03F8F30BA97A}.Release|Mixed Platforms.Build.0 = Release|Any CPU
		{A0BBAE30-DDF5-4852-AD81-03F8F30BA97A}.Release|x86.ActiveCfg = Release|Any CPU
		{A0BBAE30-DDF5-4852-AD81-03F8F30BA97A}.Release|x86.Build.0 = Release|Any CPU
		{E4EBDD49-191A-4697-8BC2-F85C0EE0A8BE}.Debug|Any CPU.ActiveCfg = Debug|Any CPU
		{E4EBDD49-191A-4697-8BC2-F85C0EE0A8BE}.Debug|Any CPU.Build.0 = Debug|Any CPU
		{E4EBDD49-191A-4697-8BC2-F85C0EE0A8BE}.Debug|Mixed Platforms.ActiveCfg = Debug|Any CPU
		{E4EBDD49-191A-4697-8BC2-F85C0EE0A8BE}.Debug|Mixed Platforms.Build.0 = Debug|Any CPU
		{E4EBDD49-191A-4697-8BC2-F85C0EE0A8BE}.Debug|x86.ActiveCfg = Debug|Any CPU
		{E4EBDD49-191A-4697-8BC2-F85C0EE0A8BE}.Debug|x86.Build.0 = Debug|Any CPU
		{E4EBDD49-191A-4697-8BC2-F85C0EE0A8BE}.Release|Any CPU.ActiveCfg = Release|Any CPU
		{E4EBDD49-191A-4697-8BC2-F85C0EE0A8BE}.Release|Any CPU.Build.0 = Release|Any CPU
		{E4EBDD49-191A-4697-8BC2-F85C0EE0A8BE}.Release|Mixed Platforms.ActiveCfg = Release|Any CPU
		{E4EBDD49-191A-4697-8BC2-F85C0EE0A8BE}.Release|Mixed Platforms.Build.0 = Release|Any CPU
		{E4EBDD49-191A-4697-8BC2-F85C0EE0A8BE}.Release|x86.ActiveCfg = Release|Any CPU
		{E4EBDD49-191A-4697-8BC2-F85C0EE0A8BE}.Release|x86.Build.0 = Release|Any CPU
		{4C40089D-2E96-4A2B-9EB2-02D2B5D2441F}.Debug|Any CPU.ActiveCfg = Debug|Any CPU
		{4C40089D-2E96-4A2B-9EB2-02D2B5D2441F}.Debug|Any CPU.Build.0 = Debug|Any CPU
		{4C40089D-2E96-4A2B-9EB2-02D2B5D2441F}.Debug|Mixed Platforms.ActiveCfg = Debug|Any CPU
		{4C40089D-2E96-4A2B-9EB2-02D2B5D2441F}.Debug|Mixed Platforms.Build.0 = Debug|Any CPU
		{4C40089D-2E96-4A2B-9EB2-02D2B5D2441F}.Debug|x86.ActiveCfg = Debug|Any CPU
		{4C40089D-2E96-4A2B-9EB2-02D2B5D2441F}.Debug|x86.Build.0 = Debug|Any CPU
		{4C40089D-2E96-4A2B-9EB2-02D2B5D2441F}.Release|Any CPU.ActiveCfg = Release|Any CPU
		{4C40089D-2E96-4A2B-9EB2-02D2B5D2441F}.Release|Any CPU.Build.0 = Release|Any CPU
		{4C40089D-2E96-4A2B-9EB2-02D2B5D2441F}.Release|Mixed Platforms.ActiveCfg = Release|Any CPU
		{4C40089D-2E96-4A2B-9EB2-02D2B5D2441F}.Release|Mixed Platforms.Build.0 = Release|Any CPU
		{4C40089D-2E96-4A2B-9EB2-02D2B5D2441F}.Release|x86.ActiveCfg = Release|Any CPU
		{4C40089D-2E96-4A2B-9EB2-02D2B5D2441F}.Release|x86.Build.0 = Release|Any CPU
		{98F23F99-F1FA-49CB-B32B-7F17FB955817}.Debug|Any CPU.ActiveCfg = Debug|Any CPU
		{98F23F99-F1FA-49CB-B32B-7F17FB955817}.Debug|Any CPU.Build.0 = Debug|Any CPU
		{98F23F99-F1FA-49CB-B32B-7F17FB955817}.Debug|Mixed Platforms.ActiveCfg = Debug|Any CPU
		{98F23F99-F1FA-49CB-B32B-7F17FB955817}.Debug|Mixed Platforms.Build.0 = Debug|Any CPU
		{98F23F99-F1FA-49CB-B32B-7F17FB955817}.Debug|x86.ActiveCfg = Debug|Any CPU
		{98F23F99-F1FA-49CB-B32B-7F17FB955817}.Debug|x86.Build.0 = Debug|Any CPU
		{98F23F99-F1FA-49CB-B32B-7F17FB955817}.Release|Any CPU.ActiveCfg = Release|Any CPU
		{98F23F99-F1FA-49CB-B32B-7F17FB955817}.Release|Any CPU.Build.0 = Release|Any CPU
		{98F23F99-F1FA-49CB-B32B-7F17FB955817}.Release|Mixed Platforms.ActiveCfg = Release|Any CPU
		{98F23F99-F1FA-49CB-B32B-7F17FB955817}.Release|Mixed Platforms.Build.0 = Release|Any CPU
		{98F23F99-F1FA-49CB-B32B-7F17FB955817}.Release|x86.ActiveCfg = Release|Any CPU
		{98F23F99-F1FA-49CB-B32B-7F17FB955817}.Release|x86.Build.0 = Release|Any CPU
		{9ED02851-5CB5-4F63-929C-5C535C6C0EF0}.Debug|Any CPU.ActiveCfg = Debug|x86
		{9ED02851-5CB5-4F63-929C-5C535C6C0EF0}.Debug|Mixed Platforms.ActiveCfg = Debug|x86
		{9ED02851-5CB5-4F63-929C-5C535C6C0EF0}.Debug|Mixed Platforms.Build.0 = Debug|x86
		{9ED02851-5CB5-4F63-929C-5C535C6C0EF0}.Debug|x86.ActiveCfg = Debug|x86
		{9ED02851-5CB5-4F63-929C-5C535C6C0EF0}.Debug|x86.Build.0 = Debug|x86
		{9ED02851-5CB5-4F63-929C-5C535C6C0EF0}.Release|Any CPU.ActiveCfg = Release|x86
		{9ED02851-5CB5-4F63-929C-5C535C6C0EF0}.Release|Mixed Platforms.ActiveCfg = Release|x86
		{9ED02851-5CB5-4F63-929C-5C535C6C0EF0}.Release|Mixed Platforms.Build.0 = Release|x86
		{9ED02851-5CB5-4F63-929C-5C535C6C0EF0}.Release|x86.ActiveCfg = Release|x86
		{9ED02851-5CB5-4F63-929C-5C535C6C0EF0}.Release|x86.Build.0 = Release|x86
		{5DCF0313-B04A-4727-91B9-11C618250A97}.Debug|Any CPU.ActiveCfg = Debug|x86
		{5DCF0313-B04A-4727-91B9-11C618250A97}.Debug|Mixed Platforms.ActiveCfg = Debug|x86
		{5DCF0313-B04A-4727-91B9-11C618250A97}.Debug|Mixed Platforms.Build.0 = Debug|x86
		{5DCF0313-B04A-4727-91B9-11C618250A97}.Debug|x86.ActiveCfg = Debug|x86
		{5DCF0313-B04A-4727-91B9-11C618250A97}.Debug|x86.Build.0 = Debug|x86
		{5DCF0313-B04A-4727-91B9-11C618250A97}.Release|Any CPU.ActiveCfg = Release|x86
		{5DCF0313-B04A-4727-91B9-11C618250A97}.Release|Mixed Platforms.ActiveCfg = Release|x86
		{5DCF0313-B04A-4727-91B9-11C618250A97}.Release|Mixed Platforms.Build.0 = Release|x86
		{5DCF0313-B04A-4727-91B9-11C618250A97}.Release|x86.ActiveCfg = Release|x86
		{5DCF0313-B04A-4727-91B9-11C618250A97}.Release|x86.Build.0 = Release|x86
		{6F2F3785-13DC-4408-9E1B-340D819DCE7E}.Debug|Any CPU.ActiveCfg = Debug|Any CPU
		{6F2F3785-13DC-4408-9E1B-340D819DCE7E}.Debug|Any CPU.Build.0 = Debug|Any CPU
		{6F2F3785-13DC-4408-9E1B-340D819DCE7E}.Debug|Mixed Platforms.ActiveCfg = Debug|Any CPU
		{6F2F3785-13DC-4408-9E1B-340D819DCE7E}.Debug|Mixed Platforms.Build.0 = Debug|Any CPU
		{6F2F3785-13DC-4408-9E1B-340D819DCE7E}.Debug|x86.ActiveCfg = Debug|Any CPU
		{6F2F3785-13DC-4408-9E1B-340D819DCE7E}.Debug|x86.Build.0 = Debug|Any CPU
		{6F2F3785-13DC-4408-9E1B-340D819DCE7E}.Release|Any CPU.ActiveCfg = Release|Any CPU
		{6F2F3785-13DC-4408-9E1B-340D819DCE7E}.Release|Any CPU.Build.0 = Release|Any CPU
		{6F2F3785-13DC-4408-9E1B-340D819DCE7E}.Release|Mixed Platforms.ActiveCfg = Release|Any CPU
		{6F2F3785-13DC-4408-9E1B-340D819DCE7E}.Release|Mixed Platforms.Build.0 = Release|Any CPU
		{6F2F3785-13DC-4408-9E1B-340D819DCE7E}.Release|x86.ActiveCfg = Release|Any CPU
		{6F2F3785-13DC-4408-9E1B-340D819DCE7E}.Release|x86.Build.0 = Release|Any CPU
		{D171B6E9-44C6-4C43-A5BA-A47C7D5CB2F3}.Debug|Any CPU.ActiveCfg = Debug|Any CPU
		{D171B6E9-44C6-4C43-A5BA-A47C7D5CB2F3}.Debug|Any CPU.Build.0 = Debug|Any CPU
		{D171B6E9-44C6-4C43-A5BA-A47C7D5CB2F3}.Debug|Mixed Platforms.ActiveCfg = Debug|Any CPU
		{D171B6E9-44C6-4C43-A5BA-A47C7D5CB2F3}.Debug|Mixed Platforms.Build.0 = Debug|Any CPU
		{D171B6E9-44C6-4C43-A5BA-A47C7D5CB2F3}.Debug|x86.ActiveCfg = Debug|Any CPU
		{D171B6E9-44C6-4C43-A5BA-A47C7D5CB2F3}.Debug|x86.Build.0 = Debug|Any CPU
		{D171B6E9-44C6-4C43-A5BA-A47C7D5CB2F3}.Release|Any CPU.ActiveCfg = Release|Any CPU
		{D171B6E9-44C6-4C43-A5BA-A47C7D5CB2F3}.Release|Any CPU.Build.0 = Release|Any CPU
		{D171B6E9-44C6-4C43-A5BA-A47C7D5CB2F3}.Release|Mixed Platforms.ActiveCfg = Release|Any CPU
		{D171B6E9-44C6-4C43-A5BA-A47C7D5CB2F3}.Release|Mixed Platforms.Build.0 = Release|Any CPU
		{D171B6E9-44C6-4C43-A5BA-A47C7D5CB2F3}.Release|x86.ActiveCfg = Release|Any CPU
		{D171B6E9-44C6-4C43-A5BA-A47C7D5CB2F3}.Release|x86.Build.0 = Release|Any CPU
		{0C81DC0D-ABE3-4188-83D3-C0961E7427CD}.Debug|Any CPU.ActiveCfg = Debug|Any CPU
		{0C81DC0D-ABE3-4188-83D3-C0961E7427CD}.Debug|Any CPU.Build.0 = Debug|Any CPU
		{0C81DC0D-ABE3-4188-83D3-C0961E7427CD}.Debug|Mixed Platforms.ActiveCfg = Debug|Any CPU
		{0C81DC0D-ABE3-4188-83D3-C0961E7427CD}.Debug|Mixed Platforms.Build.0 = Debug|Any CPU
		{0C81DC0D-ABE3-4188-83D3-C0961E7427CD}.Debug|x86.ActiveCfg = Debug|Any CPU
		{0C81DC0D-ABE3-4188-83D3-C0961E7427CD}.Debug|x86.Build.0 = Debug|Any CPU
		{0C81DC0D-ABE3-4188-83D3-C0961E7427CD}.Release|Any CPU.ActiveCfg = Release|Any CPU
		{0C81DC0D-ABE3-4188-83D3-C0961E7427CD}.Release|Any CPU.Build.0 = Release|Any CPU
		{0C81DC0D-ABE3-4188-83D3-C0961E7427CD}.Release|Mixed Platforms.ActiveCfg = Release|Any CPU
		{0C81DC0D-ABE3-4188-83D3-C0961E7427CD}.Release|Mixed Platforms.Build.0 = Release|Any CPU
		{0C81DC0D-ABE3-4188-83D3-C0961E7427CD}.Release|x86.ActiveCfg = Release|Any CPU
		{0C81DC0D-ABE3-4188-83D3-C0961E7427CD}.Release|x86.Build.0 = Release|Any CPU
		{01FDAE95-808E-4AD8-91D8-2AE26CE18A33}.Debug|Any CPU.ActiveCfg = Debug|Any CPU
		{01FDAE95-808E-4AD8-91D8-2AE26CE18A33}.Debug|Any CPU.Build.0 = Debug|Any CPU
		{01FDAE95-808E-4AD8-91D8-2AE26CE18A33}.Debug|Mixed Platforms.ActiveCfg = Debug|Any CPU
		{01FDAE95-808E-4AD8-91D8-2AE26CE18A33}.Debug|Mixed Platforms.Build.0 = Debug|Any CPU
		{01FDAE95-808E-4AD8-91D8-2AE26CE18A33}.Debug|x86.ActiveCfg = Debug|Any CPU
		{01FDAE95-808E-4AD8-91D8-2AE26CE18A33}.Debug|x86.Build.0 = Debug|Any CPU
		{01FDAE95-808E-4AD8-91D8-2AE26CE18A33}.Release|Any CPU.ActiveCfg = Release|Any CPU
		{01FDAE95-808E-4AD8-91D8-2AE26CE18A33}.Release|Any CPU.Build.0 = Release|Any CPU
		{01FDAE95-808E-4AD8-91D8-2AE26CE18A33}.Release|Mixed Platforms.ActiveCfg = Release|Any CPU
		{01FDAE95-808E-4AD8-91D8-2AE26CE18A33}.Release|Mixed Platforms.Build.0 = Release|Any CPU
		{01FDAE95-808E-4AD8-91D8-2AE26CE18A33}.Release|x86.ActiveCfg = Release|Any CPU
		{01FDAE95-808E-4AD8-91D8-2AE26CE18A33}.Release|x86.Build.0 = Release|Any CPU
		{6CDC0922-3396-443F-AEBD-3FA60C5F67A8}.Debug|Any CPU.ActiveCfg = Debug|Any CPU
		{6CDC0922-3396-443F-AEBD-3FA60C5F67A8}.Debug|Any CPU.Build.0 = Debug|Any CPU
		{6CDC0922-3396-443F-AEBD-3FA60C5F67A8}.Debug|Mixed Platforms.ActiveCfg = Debug|Any CPU
		{6CDC0922-3396-443F-AEBD-3FA60C5F67A8}.Debug|Mixed Platforms.Build.0 = Debug|Any CPU
		{6CDC0922-3396-443F-AEBD-3FA60C5F67A8}.Debug|x86.ActiveCfg = Debug|Any CPU
		{6CDC0922-3396-443F-AEBD-3FA60C5F67A8}.Debug|x86.Build.0 = Debug|Any CPU
		{6CDC0922-3396-443F-AEBD-3FA60C5F67A8}.Release|Any CPU.ActiveCfg = Release|Any CPU
		{6CDC0922-3396-443F-AEBD-3FA60C5F67A8}.Release|Any CPU.Build.0 = Release|Any CPU
		{6CDC0922-3396-443F-AEBD-3FA60C5F67A8}.Release|Mixed Platforms.ActiveCfg = Release|Any CPU
		{6CDC0922-3396-443F-AEBD-3FA60C5F67A8}.Release|Mixed Platforms.Build.0 = Release|Any CPU
		{6CDC0922-3396-443F-AEBD-3FA60C5F67A8}.Release|x86.ActiveCfg = Release|Any CPU
		{6CDC0922-3396-443F-AEBD-3FA60C5F67A8}.Release|x86.Build.0 = Release|Any CPU
		{793A39ED-3464-4589-86CD-3FDF491D365C}.Debug|Any CPU.ActiveCfg = Debug|Any CPU
		{793A39ED-3464-4589-86CD-3FDF491D365C}.Debug|Any CPU.Build.0 = Debug|Any CPU
		{793A39ED-3464-4589-86CD-3FDF491D365C}.Debug|Mixed Platforms.ActiveCfg = Debug|Any CPU
		{793A39ED-3464-4589-86CD-3FDF491D365C}.Debug|Mixed Platforms.Build.0 = Debug|Any CPU
		{793A39ED-3464-4589-86CD-3FDF491D365C}.Debug|x86.ActiveCfg = Debug|Any CPU
		{793A39ED-3464-4589-86CD-3FDF491D365C}.Debug|x86.Build.0 = Debug|Any CPU
		{793A39ED-3464-4589-86CD-3FDF491D365C}.Release|Any CPU.ActiveCfg = Release|Any CPU
		{793A39ED-3464-4589-86CD-3FDF491D365C}.Release|Any CPU.Build.0 = Release|Any CPU
		{793A39ED-3464-4589-86CD-3FDF491D365C}.Release|Mixed Platforms.ActiveCfg = Release|Any CPU
		{793A39ED-3464-4589-86CD-3FDF491D365C}.Release|Mixed Platforms.Build.0 = Release|Any CPU
		{793A39ED-3464-4589-86CD-3FDF491D365C}.Release|x86.ActiveCfg = Release|Any CPU
		{793A39ED-3464-4589-86CD-3FDF491D365C}.Release|x86.Build.0 = Release|Any CPU
		{E7C8D3F9-BB10-4D00-B368-3EC826C5A80D}.Debug|Any CPU.ActiveCfg = Debug|Any CPU
		{E7C8D3F9-BB10-4D00-B368-3EC826C5A80D}.Debug|Any CPU.Build.0 = Debug|Any CPU
		{E7C8D3F9-BB10-4D00-B368-3EC826C5A80D}.Debug|Mixed Platforms.ActiveCfg = Debug|Any CPU
		{E7C8D3F9-BB10-4D00-B368-3EC826C5A80D}.Debug|Mixed Platforms.Build.0 = Debug|Any CPU
		{E7C8D3F9-BB10-4D00-B368-3EC826C5A80D}.Debug|x86.ActiveCfg = Debug|Any CPU
		{E7C8D3F9-BB10-4D00-B368-3EC826C5A80D}.Debug|x86.Build.0 = Debug|Any CPU
		{E7C8D3F9-BB10-4D00-B368-3EC826C5A80D}.Release|Any CPU.ActiveCfg = Release|Any CPU
		{E7C8D3F9-BB10-4D00-B368-3EC826C5A80D}.Release|Any CPU.Build.0 = Release|Any CPU
		{E7C8D3F9-BB10-4D00-B368-3EC826C5A80D}.Release|Mixed Platforms.ActiveCfg = Release|Any CPU
		{E7C8D3F9-BB10-4D00-B368-3EC826C5A80D}.Release|Mixed Platforms.Build.0 = Release|Any CPU
		{E7C8D3F9-BB10-4D00-B368-3EC826C5A80D}.Release|x86.ActiveCfg = Release|Any CPU
		{E7C8D3F9-BB10-4D00-B368-3EC826C5A80D}.Release|x86.Build.0 = Release|Any CPU
		{3D54D0DF-7C08-4A06-9DCD-8D1CFDD8248F}.Debug|Any CPU.ActiveCfg = Debug|Any CPU
		{3D54D0DF-7C08-4A06-9DCD-8D1CFDD8248F}.Debug|Any CPU.Build.0 = Debug|Any CPU
		{3D54D0DF-7C08-4A06-9DCD-8D1CFDD8248F}.Debug|Mixed Platforms.ActiveCfg = Debug|Any CPU
		{3D54D0DF-7C08-4A06-9DCD-8D1CFDD8248F}.Debug|Mixed Platforms.Build.0 = Debug|Any CPU
		{3D54D0DF-7C08-4A06-9DCD-8D1CFDD8248F}.Debug|x86.ActiveCfg = Debug|Any CPU
		{3D54D0DF-7C08-4A06-9DCD-8D1CFDD8248F}.Debug|x86.Build.0 = Debug|Any CPU
		{3D54D0DF-7C08-4A06-9DCD-8D1CFDD8248F}.Release|Any CPU.ActiveCfg = Release|Any CPU
		{3D54D0DF-7C08-4A06-9DCD-8D1CFDD8248F}.Release|Any CPU.Build.0 = Release|Any CPU
		{3D54D0DF-7C08-4A06-9DCD-8D1CFDD8248F}.Release|Mixed Platforms.ActiveCfg = Release|Any CPU
		{3D54D0DF-7C08-4A06-9DCD-8D1CFDD8248F}.Release|Mixed Platforms.Build.0 = Release|Any CPU
		{3D54D0DF-7C08-4A06-9DCD-8D1CFDD8248F}.Release|x86.ActiveCfg = Release|Any CPU
		{3D54D0DF-7C08-4A06-9DCD-8D1CFDD8248F}.Release|x86.Build.0 = Release|Any CPU
		{3878213A-0012-4DE4-A04A-095F074F6564}.Debug|Any CPU.ActiveCfg = Debug|Any CPU
		{3878213A-0012-4DE4-A04A-095F074F6564}.Debug|Any CPU.Build.0 = Debug|Any CPU
		{3878213A-0012-4DE4-A04A-095F074F6564}.Debug|Mixed Platforms.ActiveCfg = Debug|Any CPU
		{3878213A-0012-4DE4-A04A-095F074F6564}.Debug|Mixed Platforms.Build.0 = Debug|Any CPU
		{3878213A-0012-4DE4-A04A-095F074F6564}.Debug|x86.ActiveCfg = Debug|Any CPU
		{3878213A-0012-4DE4-A04A-095F074F6564}.Debug|x86.Build.0 = Debug|Any CPU
		{3878213A-0012-4DE4-A04A-095F074F6564}.Release|Any CPU.ActiveCfg = Release|Any CPU
		{3878213A-0012-4DE4-A04A-095F074F6564}.Release|Any CPU.Build.0 = Release|Any CPU
		{3878213A-0012-4DE4-A04A-095F074F6564}.Release|Mixed Platforms.ActiveCfg = Release|Any CPU
		{3878213A-0012-4DE4-A04A-095F074F6564}.Release|Mixed Platforms.Build.0 = Release|Any CPU
		{3878213A-0012-4DE4-A04A-095F074F6564}.Release|x86.ActiveCfg = Release|Any CPU
		{3878213A-0012-4DE4-A04A-095F074F6564}.Release|x86.Build.0 = Release|Any CPU
		{739DB012-7061-454F-97A4-DED039F44EF7}.Debug|Any CPU.ActiveCfg = Debug|Any CPU
		{739DB012-7061-454F-97A4-DED039F44EF7}.Debug|Any CPU.Build.0 = Debug|Any CPU
		{739DB012-7061-454F-97A4-DED039F44EF7}.Debug|Mixed Platforms.ActiveCfg = Debug|Any CPU
		{739DB012-7061-454F-97A4-DED039F44EF7}.Debug|Mixed Platforms.Build.0 = Debug|Any CPU
		{739DB012-7061-454F-97A4-DED039F44EF7}.Debug|x86.ActiveCfg = Debug|Any CPU
		{739DB012-7061-454F-97A4-DED039F44EF7}.Debug|x86.Build.0 = Debug|Any CPU
		{739DB012-7061-454F-97A4-DED039F44EF7}.Release|Any CPU.ActiveCfg = Release|Any CPU
		{739DB012-7061-454F-97A4-DED039F44EF7}.Release|Any CPU.Build.0 = Release|Any CPU
		{739DB012-7061-454F-97A4-DED039F44EF7}.Release|Mixed Platforms.ActiveCfg = Release|Any CPU
		{739DB012-7061-454F-97A4-DED039F44EF7}.Release|Mixed Platforms.Build.0 = Release|Any CPU
		{739DB012-7061-454F-97A4-DED039F44EF7}.Release|x86.ActiveCfg = Release|Any CPU
		{739DB012-7061-454F-97A4-DED039F44EF7}.Release|x86.Build.0 = Release|Any CPU
		{6B92D5D4-19F4-4A16-B1B1-2413393EDD94}.Debug|Any CPU.ActiveCfg = Debug|Any CPU
		{6B92D5D4-19F4-4A16-B1B1-2413393EDD94}.Debug|Any CPU.Build.0 = Debug|Any CPU
		{6B92D5D4-19F4-4A16-B1B1-2413393EDD94}.Debug|Mixed Platforms.ActiveCfg = Debug|Any CPU
		{6B92D5D4-19F4-4A16-B1B1-2413393EDD94}.Debug|Mixed Platforms.Build.0 = Debug|Any CPU
		{6B92D5D4-19F4-4A16-B1B1-2413393EDD94}.Debug|x86.ActiveCfg = Debug|Any CPU
		{6B92D5D4-19F4-4A16-B1B1-2413393EDD94}.Debug|x86.Build.0 = Debug|Any CPU
		{6B92D5D4-19F4-4A16-B1B1-2413393EDD94}.Release|Any CPU.ActiveCfg = Release|Any CPU
		{6B92D5D4-19F4-4A16-B1B1-2413393EDD94}.Release|Any CPU.Build.0 = Release|Any CPU
		{6B92D5D4-19F4-4A16-B1B1-2413393EDD94}.Release|Mixed Platforms.ActiveCfg = Release|Any CPU
		{6B92D5D4-19F4-4A16-B1B1-2413393EDD94}.Release|Mixed Platforms.Build.0 = Release|Any CPU
		{6B92D5D4-19F4-4A16-B1B1-2413393EDD94}.Release|x86.ActiveCfg = Release|Any CPU
		{6B92D5D4-19F4-4A16-B1B1-2413393EDD94}.Release|x86.Build.0 = Release|Any CPU
		{DEEBAF61-FAD2-427D-A3A5-E5C1C67275EB}.Debug|Any CPU.ActiveCfg = Debug|Any CPU
		{DEEBAF61-FAD2-427D-A3A5-E5C1C67275EB}.Debug|Any CPU.Build.0 = Debug|Any CPU
		{DEEBAF61-FAD2-427D-A3A5-E5C1C67275EB}.Debug|Mixed Platforms.ActiveCfg = Debug|Any CPU
		{DEEBAF61-FAD2-427D-A3A5-E5C1C67275EB}.Debug|Mixed Platforms.Build.0 = Debug|Any CPU
		{DEEBAF61-FAD2-427D-A3A5-E5C1C67275EB}.Debug|x86.ActiveCfg = Debug|Any CPU
		{DEEBAF61-FAD2-427D-A3A5-E5C1C67275EB}.Debug|x86.Build.0 = Debug|Any CPU
		{DEEBAF61-FAD2-427D-A3A5-E5C1C67275EB}.Release|Any CPU.ActiveCfg = Release|Any CPU
		{DEEBAF61-FAD2-427D-A3A5-E5C1C67275EB}.Release|Any CPU.Build.0 = Release|Any CPU
		{DEEBAF61-FAD2-427D-A3A5-E5C1C67275EB}.Release|Mixed Platforms.ActiveCfg = Release|Any CPU
		{DEEBAF61-FAD2-427D-A3A5-E5C1C67275EB}.Release|Mixed Platforms.Build.0 = Release|Any CPU
		{DEEBAF61-FAD2-427D-A3A5-E5C1C67275EB}.Release|x86.ActiveCfg = Release|Any CPU
		{DEEBAF61-FAD2-427D-A3A5-E5C1C67275EB}.Release|x86.Build.0 = Release|Any CPU
		{A9525F96-F88E-4BCA-9E9E-F49E06EDD7DF}.Debug|Any CPU.ActiveCfg = Debug|Any CPU
		{A9525F96-F88E-4BCA-9E9E-F49E06EDD7DF}.Debug|Any CPU.Build.0 = Debug|Any CPU
		{A9525F96-F88E-4BCA-9E9E-F49E06EDD7DF}.Debug|Mixed Platforms.ActiveCfg = Debug|Any CPU
		{A9525F96-F88E-4BCA-9E9E-F49E06EDD7DF}.Debug|Mixed Platforms.Build.0 = Debug|Any CPU
		{A9525F96-F88E-4BCA-9E9E-F49E06EDD7DF}.Debug|x86.ActiveCfg = Debug|Any CPU
		{A9525F96-F88E-4BCA-9E9E-F49E06EDD7DF}.Debug|x86.Build.0 = Debug|Any CPU
		{A9525F96-F88E-4BCA-9E9E-F49E06EDD7DF}.Release|Any CPU.ActiveCfg = Release|Any CPU
		{A9525F96-F88E-4BCA-9E9E-F49E06EDD7DF}.Release|Any CPU.Build.0 = Release|Any CPU
		{A9525F96-F88E-4BCA-9E9E-F49E06EDD7DF}.Release|Mixed Platforms.ActiveCfg = Release|Any CPU
		{A9525F96-F88E-4BCA-9E9E-F49E06EDD7DF}.Release|Mixed Platforms.Build.0 = Release|Any CPU
		{A9525F96-F88E-4BCA-9E9E-F49E06EDD7DF}.Release|x86.ActiveCfg = Release|Any CPU
		{A9525F96-F88E-4BCA-9E9E-F49E06EDD7DF}.Release|x86.Build.0 = Release|Any CPU
		{F8B1849D-8252-45FE-BA8A-6C6828DA1D6E}.Debug|Any CPU.ActiveCfg = Debug|Any CPU
		{F8B1849D-8252-45FE-BA8A-6C6828DA1D6E}.Debug|Any CPU.Build.0 = Debug|Any CPU
		{F8B1849D-8252-45FE-BA8A-6C6828DA1D6E}.Debug|Mixed Platforms.ActiveCfg = Debug|Any CPU
		{F8B1849D-8252-45FE-BA8A-6C6828DA1D6E}.Debug|Mixed Platforms.Build.0 = Debug|Any CPU
		{F8B1849D-8252-45FE-BA8A-6C6828DA1D6E}.Debug|x86.ActiveCfg = Debug|Any CPU
		{F8B1849D-8252-45FE-BA8A-6C6828DA1D6E}.Debug|x86.Build.0 = Debug|Any CPU
		{F8B1849D-8252-45FE-BA8A-6C6828DA1D6E}.Release|Any CPU.ActiveCfg = Release|Any CPU
		{F8B1849D-8252-45FE-BA8A-6C6828DA1D6E}.Release|Any CPU.Build.0 = Release|Any CPU
		{F8B1849D-8252-45FE-BA8A-6C6828DA1D6E}.Release|Mixed Platforms.ActiveCfg = Release|Any CPU
		{F8B1849D-8252-45FE-BA8A-6C6828DA1D6E}.Release|Mixed Platforms.Build.0 = Release|Any CPU
		{F8B1849D-8252-45FE-BA8A-6C6828DA1D6E}.Release|x86.ActiveCfg = Release|Any CPU
		{F8B1849D-8252-45FE-BA8A-6C6828DA1D6E}.Release|x86.Build.0 = Release|Any CPU
	EndGlobalSection
	GlobalSection(SolutionProperties) = preSolution
		HideSolutionNode = FALSE
	EndGlobalSection
	GlobalSection(NestedProjects) = preSolution
		{1F8B806E-B479-4DB0-9896-1D29E288A2F2} = {189E31A8-1E3E-4C46-808F-C85B47A37FC7}
		{43289D5B-19BD-4FD1-A8A7-05996A688BEE} = {189E31A8-1E3E-4C46-808F-C85B47A37FC7}
		{B3EDC765-D278-420D-8E10-E408ACF1067A} = {A6A813B0-F8A3-4FC5-830E-41175009BC7F}
		{1AE03E84-CD2E-4F67-B953-6D3CEE410315} = {A6A813B0-F8A3-4FC5-830E-41175009BC7F}
		{C24D4710-ABF8-48AC-BA22-E6BE75E50EAD} = {A6A813B0-F8A3-4FC5-830E-41175009BC7F}
		{F4E6707A-1B29-4F36-A5B8-92C8BAE0FF3F} = {A6A813B0-F8A3-4FC5-830E-41175009BC7F}
		{B32C1509-3952-4492-B097-6886CEC675FB} = {4A34094C-2365-4F5C-8854-41EF7023BDC1}
		{FCBD2200-2998-4A52-8D49-FC17F21A4750} = {4A34094C-2365-4F5C-8854-41EF7023BDC1}
		{5891035F-5346-4A15-BB61-09018D5CC4AE} = {FBD50BDD-DD90-4C0C-8D96-DAAFD2493734}
		{4A34094C-2365-4F5C-8854-41EF7023BDC1} = {E83982C3-5D5E-4051-94CF-E1EC859249C3}
		{2E880E69-F61D-488A-BD6B-7A44D5103FB3} = {E83982C3-5D5E-4051-94CF-E1EC859249C3}
		{42F57394-8F3E-47E7-B1E6-ACDEA505AF23} = {FBD50BDD-DD90-4C0C-8D96-DAAFD2493734}
		{CBA39921-3716-4CBE-8742-086727D383B0} = {FBD50BDD-DD90-4C0C-8D96-DAAFD2493734}
		{6C9E0C6C-4E2B-40A1-8413-980538762DDE} = {2D9F1B46-84E3-44E6-B46A-AB5B9E079560}
		{B08F87E7-B580-4E42-BAF0-7F8233153230} = {2D9F1B46-84E3-44E6-B46A-AB5B9E079560}
		{10B17C1A-69EC-4A58-904F-16037427DC03} = {189E31A8-1E3E-4C46-808F-C85B47A37FC7}
		{CF45DA9F-F4B9-46B7-AD11-FA36AF2BF399} = {2D9F1B46-84E3-44E6-B46A-AB5B9E079560}
		{47C0AB15-28EC-44A5-98AE-11342818567D} = {2D9F1B46-84E3-44E6-B46A-AB5B9E079560}
		{439276D9-0416-42B3-941A-B1D1000595BA} = {4A34094C-2365-4F5C-8854-41EF7023BDC1}
		{685BC077-2B9F-416C-83A6-2F449319A25D} = {4A34094C-2365-4F5C-8854-41EF7023BDC1}
		{C2E611CF-808C-4F25-9619-3247E02BB2F9} = {A6A813B0-F8A3-4FC5-830E-41175009BC7F}
		{96B57E0C-238A-404F-8D79-A5918DF86DDF} = {A6A813B0-F8A3-4FC5-830E-41175009BC7F}
		{36EC756C-C890-45AE-9289-E1068B388B58} = {A6A813B0-F8A3-4FC5-830E-41175009BC7F}
		{5D5CA52C-800C-4F36-9283-0F95D87126ED} = {A6A813B0-F8A3-4FC5-830E-41175009BC7F}
		{DFAD184E-2C98-4E34-AE8D-7BD0EC677F12} = {FBD50BDD-DD90-4C0C-8D96-DAAFD2493734}
		{2C5E174A-8087-41B1-805C-7D7830EC478A} = {FBD50BDD-DD90-4C0C-8D96-DAAFD2493734}
		{B06CE9EC-C799-47B1-AFCD-F10681F53B61} = {FBD50BDD-DD90-4C0C-8D96-DAAFD2493734}
		{C47460D1-131E-4467-B8CC-02056D3D2652} = {189E31A8-1E3E-4C46-808F-C85B47A37FC7}
		{85C320D4-7F57-4702-8324-73B71B209FF9} = {189E31A8-1E3E-4C46-808F-C85B47A37FC7}
		{1DD6AC74-FACD-46CA-A8FB-0E39653A2B2E} = {189E31A8-1E3E-4C46-808F-C85B47A37FC7}
		{3A5DA031-BA2D-49A3-A202-06D328D514EA} = {189E31A8-1E3E-4C46-808F-C85B47A37FC7}
		{8522A0F5-87CD-4552-8E7F-FBC196265E8C} = {189E31A8-1E3E-4C46-808F-C85B47A37FC7}
		{CB560249-9A5B-42A0-9DB6-8E9165194C6C} = {2D9F1B46-84E3-44E6-B46A-AB5B9E079560}
		{51C54397-0A93-421D-BFBA-FF920A48C19E} = {2D9F1B46-84E3-44E6-B46A-AB5B9E079560}
		{DAEFE276-BFF4-45F6-AA22-413528E44998} = {2D9F1B46-84E3-44E6-B46A-AB5B9E079560}
		{9F033655-BF47-440E-90F6-B72886A2EBAA} = {2D9F1B46-84E3-44E6-B46A-AB5B9E079560}
		{A0BBAE30-DDF5-4852-AD81-03F8F30BA97A} = {4A34094C-2365-4F5C-8854-41EF7023BDC1}
		{E4EBDD49-191A-4697-8BC2-F85C0EE0A8BE} = {4A34094C-2365-4F5C-8854-41EF7023BDC1}
		{4C40089D-2E96-4A2B-9EB2-02D2B5D2441F} = {4A34094C-2365-4F5C-8854-41EF7023BDC1}
		{98F23F99-F1FA-49CB-B32B-7F17FB955817} = {4A34094C-2365-4F5C-8854-41EF7023BDC1}
		{9ED02851-5CB5-4F63-929C-5C535C6C0EF0} = {A6A813B0-F8A3-4FC5-830E-41175009BC7F}
		{5DCF0313-B04A-4727-91B9-11C618250A97} = {A6A813B0-F8A3-4FC5-830E-41175009BC7F}
		{6F2F3785-13DC-4408-9E1B-340D819DCE7E} = {A6A813B0-F8A3-4FC5-830E-41175009BC7F}
		{D171B6E9-44C6-4C43-A5BA-A47C7D5CB2F3} = {A6A813B0-F8A3-4FC5-830E-41175009BC7F}
		{0C81DC0D-ABE3-4188-83D3-C0961E7427CD} = {A6A813B0-F8A3-4FC5-830E-41175009BC7F}
		{01FDAE95-808E-4AD8-91D8-2AE26CE18A33} = {A6A813B0-F8A3-4FC5-830E-41175009BC7F}
		{6CDC0922-3396-443F-AEBD-3FA60C5F67A8} = {A6A813B0-F8A3-4FC5-830E-41175009BC7F}
		{793A39ED-3464-4589-86CD-3FDF491D365C} = {A6A813B0-F8A3-4FC5-830E-41175009BC7F}
		{E7C8D3F9-BB10-4D00-B368-3EC826C5A80D} = {FBD50BDD-DD90-4C0C-8D96-DAAFD2493734}
		{3D54D0DF-7C08-4A06-9DCD-8D1CFDD8248F} = {FBD50BDD-DD90-4C0C-8D96-DAAFD2493734}
		{3878213A-0012-4DE4-A04A-095F074F6564} = {FBD50BDD-DD90-4C0C-8D96-DAAFD2493734}
		{739DB012-7061-454F-97A4-DED039F44EF7} = {FBD50BDD-DD90-4C0C-8D96-DAAFD2493734}
		{6B92D5D4-19F4-4A16-B1B1-2413393EDD94} = {FBD50BDD-DD90-4C0C-8D96-DAAFD2493734}
		{DEEBAF61-FAD2-427D-A3A5-E5C1C67275EB} = {FBD50BDD-DD90-4C0C-8D96-DAAFD2493734}
		{A9525F96-F88E-4BCA-9E9E-F49E06EDD7DF} = {4D7DAFFB-5E3F-48C1-8736-7313FF509477}
		{F8B1849D-8252-45FE-BA8A-6C6828DA1D6E} = {4D7DAFFB-5E3F-48C1-8736-7313FF509477}
	EndGlobalSection
	GlobalSection(TestCaseManagementSettings) = postSolution
		CategoryFile = TransMock.vsmdi
	EndGlobalSection
EndGlobal
