
Microsoft Visual Studio Solution File, Format Version 12.00
# Visual Studio 14
VisualStudioVersion = 14.0.25420.1
MinimumVisualStudioVersion = 10.0.40219.1
Project("{2150E333-8FDC-42A3-9474-1A3956D46DE8}") = "Deployment", "Deployment", "{FA08D049-061E-4FAF-88DB-ACFC4825C7A2}"
	ProjectSection(SolutionItems) = preProject
		BizTalkTests.BTS2016.Deployment\Deployment.btdfproj = BizTalkTests.BTS2016.Deployment\Deployment.btdfproj
		BizTalkTests.BTS2016.Deployment\PortBindingsMaster.xml = BizTalkTests.BTS2016.Deployment\PortBindingsMaster.xml
	EndProjectSection
EndProject
Project("{FAE04EC0-301F-11D3-BF4B-00C04F79EFBC}") = "Schemas.BTS2016", "Schemas\Schemas.BTS2016.btproj", "{9EADF47A-E60D-4CF0-B5DD-1E734A5DAC43}"
EndProject
Project("{FAE04EC0-301F-11D3-BF4B-00C04F79EFBC}") = "Orchestrations.BTS2016", "Orchestrations\Orchestrations.BTS2016.btproj", "{ACDA3D49-4F13-46CC-A005-721F47F2A3C6}"
EndProject
Project("{FAE04EC0-301F-11D3-BF4B-00C04F79EFBC}") = "BizTalkTests.IntegrationTests.BTS2016", "IntegrationTests\BizTalkTests.IntegrationTests.BTS2016.csproj", "{ADD3EE08-3072-47D1-BBA9-787A2A2F5629}"
EndProject
Global
	GlobalSection(SolutionConfigurationPlatforms) = preSolution
		Debug|Any CPU = Debug|Any CPU
		Release|Any CPU = Release|Any CPU
	EndGlobalSection
	GlobalSection(ProjectConfigurationPlatforms) = postSolution
		{9EADF47A-E60D-4CF0-B5DD-1E734A5DAC43}.Debug|Any CPU.ActiveCfg = Debug|Any CPU
		{9EADF47A-E60D-4CF0-B5DD-1E734A5DAC43}.Debug|Any CPU.Build.0 = Debug|Any CPU
		{9EADF47A-E60D-4CF0-B5DD-1E734A5DAC43}.Debug|Any CPU.Deploy.0 = Debug|Any CPU
		{9EADF47A-E60D-4CF0-B5DD-1E734A5DAC43}.Release|Any CPU.ActiveCfg = Release|Any CPU
		{9EADF47A-E60D-4CF0-B5DD-1E734A5DAC43}.Release|Any CPU.Build.0 = Release|Any CPU
		{9EADF47A-E60D-4CF0-B5DD-1E734A5DAC43}.Release|Any CPU.Deploy.0 = Release|Any CPU
		{ACDA3D49-4F13-46CC-A005-721F47F2A3C6}.Debug|Any CPU.ActiveCfg = Debug|Any CPU
		{ACDA3D49-4F13-46CC-A005-721F47F2A3C6}.Debug|Any CPU.Build.0 = Debug|Any CPU
		{ACDA3D49-4F13-46CC-A005-721F47F2A3C6}.Debug|Any CPU.Deploy.0 = Debug|Any CPU
		{ACDA3D49-4F13-46CC-A005-721F47F2A3C6}.Release|Any CPU.ActiveCfg = Release|Any CPU
		{ACDA3D49-4F13-46CC-A005-721F47F2A3C6}.Release|Any CPU.Build.0 = Release|Any CPU
		{ACDA3D49-4F13-46CC-A005-721F47F2A3C6}.Release|Any CPU.Deploy.0 = Release|Any CPU
		{ADD3EE08-3072-47D1-BBA9-787A2A2F5629}.Debug|Any CPU.ActiveCfg = Debug|Any CPU
		{ADD3EE08-3072-47D1-BBA9-787A2A2F5629}.Debug|Any CPU.Build.0 = Debug|Any CPU
		{ADD3EE08-3072-47D1-BBA9-787A2A2F5629}.Release|Any CPU.ActiveCfg = Release|Any CPU
		{ADD3EE08-3072-47D1-BBA9-787A2A2F5629}.Release|Any CPU.Build.0 = Release|Any CPU
		{3878213A-0012-4DE4-A04A-095F074F6564}.Debug|Any CPU.ActiveCfg = Debug|Any CPU
		{3878213A-0012-4DE4-A04A-095F074F6564}.Debug|Any CPU.Build.0 = Debug|Any CPU
		{3878213A-0012-4DE4-A04A-095F074F6564}.Release|Any CPU.ActiveCfg = Release|Any CPU
		{3878213A-0012-4DE4-A04A-095F074F6564}.Release|Any CPU.Build.0 = Release|Any CPU
		{A0BBAE30-DDF5-4852-AD81-03F8F30BA97A}.Debug|Any CPU.ActiveCfg = Debug|Any CPU
		{A0BBAE30-DDF5-4852-AD81-03F8F30BA97A}.Debug|Any CPU.Build.0 = Debug|Any CPU
		{A0BBAE30-DDF5-4852-AD81-03F8F30BA97A}.Release|Any CPU.ActiveCfg = Release|Any CPU
		{A0BBAE30-DDF5-4852-AD81-03F8F30BA97A}.Release|Any CPU.Build.0 = Release|Any CPU
	EndGlobalSection
	GlobalSection(SolutionProperties) = preSolution
		HideSolutionNode = FALSE
	EndGlobalSection
EndGlobal
